// !$*UTF8*$!
{
	archiveVersion = 1;
	classes = {
	};
	objectVersion = 77;
	objects = {

/* Begin PBXBuildFile section */
		00FE8AEFC902F508A1B38F44 /* KeychainTokenStorage.swift in Sources */ = {isa = PBXBuildFile; fileRef = 08DD5AE3B5B22FE7BDCC9355 /* KeychainTokenStorage.swift */; };
		047C511E2FB9F1D9B6E547C1 /* Factory in Frameworks */ = {isa = PBXBuildFile; productRef = 52EEBFC5650EA0ACAEE1933E /* Factory */; };
		04E47E886CF0913CC0092A4A /* Container+Extensions.swift in Sources */ = {isa = PBXBuildFile; fileRef = 0D2FC0B0006CC55F1ED21057 /* Container+Extensions.swift */; };
		0D935FC51E1349997ECD01F7 /* Tab.swift in Sources */ = {isa = PBXBuildFile; fileRef = D4F2AD1491562F49BB0E8F1C /* Tab.swift */; };
		1008984D38E1A6167D499739 /* AuthEndpointTests.swift in Sources */ = {isa = PBXBuildFile; fileRef = 563445AE805BEC63BD044BBF /* AuthEndpointTests.swift */; };
		104E4EBBB9C3700F057B830C /* SessionManagerTests.swift in Sources */ = {isa = PBXBuildFile; fileRef = CFD0DE0021AEB2D4F437068D /* SessionManagerTests.swift */; };
		10A8D2831BD4D4D132160637 /* MoltTextFieldTests.swift in Sources */ = {isa = PBXBuildFile; fileRef = A0A7CBF7721EFCEEC4DE8BFF /* MoltTextFieldTests.swift */; };
		113585DB5149248ECE991BE2 /* MoltCardTests.swift in Sources */ = {isa = PBXBuildFile; fileRef = 8367AC7D24C87D3EBFC40EDF /* MoltCardTests.swift */; };
		13E8D235792CC1BC9C7DBF51 /* MoltTopBarTests.swift in Sources */ = {isa = PBXBuildFile; fileRef = B59405CAA4EE85C548DFA5BD /* MoltTopBarTests.swift */; };
		1E26BC7183999147981657C8 /* Localizable.xcstrings in Resources */ = {isa = PBXBuildFile; fileRef = 81AEB5341BCB6D1683358830 /* Localizable.xcstrings */; };
		1F08419AA4629196765E97C5 /* AppErrorTests.swift in Sources */ = {isa = PBXBuildFile; fileRef = 2D0825B67FCF99B51F85B49F /* AppErrorTests.swift */; };
		245DFD38BA4FA75CB95522AB /* AuthMiddlewareTests.swift in Sources */ = {isa = PBXBuildFile; fileRef = E8DCD97E9BEEF8B1A0C6FDF3 /* AuthMiddlewareTests.swift */; };
		24FECBB921EE48A96A42C7F3 /* ContainerTests.swift in Sources */ = {isa = PBXBuildFile; fileRef = 61D34E52EA954DC323C74B89 /* ContainerTests.swift */; };
		2856784F88B3ABCC1499B947 /* MoltErrorView.swift in Sources */ = {isa = PBXBuildFile; fileRef = 1AF5B6941EDBA5230672E481 /* MoltErrorView.swift */; };
		2BBFC6C194BE07B8550532C2 /* MedusaErrorDTOTests.swift in Sources */ = {isa = PBXBuildFile; fileRef = E84BF7AD098442A03975DB84 /* MedusaErrorDTOTests.swift */; };
		2D993ACECCE086FD063CEF3C /* MoltButtonTests.swift in Sources */ = {isa = PBXBuildFile; fileRef = 2E4B7AE544F06A5FA5847B63 /* MoltButtonTests.swift */; };
		2E64D65D2C5C07CC103AB4BD /* MoltChip.swift in Sources */ = {isa = PBXBuildFile; fileRef = CA86309C831B0A485D41B353 /* MoltChip.swift */; };
		34FAE17D429F8539F5F56E5B /* MoltRatingBarTests.swift in Sources */ = {isa = PBXBuildFile; fileRef = 6E8E05034D1CB26C2561668A /* MoltRatingBarTests.swift */; };
		351948B93211F55E9C2A949F /* AuthTokenResponse.swift in Sources */ = {isa = PBXBuildFile; fileRef = 45B8E02D1523211225AFBBBA /* AuthTokenResponse.swift */; };
		36A7D5C0C0B9A73FDE730D2B /* RetryPolicy.swift in Sources */ = {isa = PBXBuildFile; fileRef = 01C53F9C8E440F9DB251617F /* RetryPolicy.swift */; };
		3CF2DE5D87D211071AF3EAA5 /* MoltTopBar.swift in Sources */ = {isa = PBXBuildFile; fileRef = 28547F71F6DD09DD5F04031B /* MoltTopBar.swift */; };
		3D7E2443750FDDFF1E75FB6A /* NetworkMonitor.swift in Sources */ = {isa = PBXBuildFile; fileRef = 62689091D4D4B017CD009C61 /* NetworkMonitor.swift */; };
		4068F24A9F6947F3FF37563F /* RequestLogger.swift in Sources */ = {isa = PBXBuildFile; fileRef = 95CDDD52047E62B05944712B /* RequestLogger.swift */; };
		41E203CA4ACD4858D18CC8FF /* MoltQuantityStepper.swift in Sources */ = {isa = PBXBuildFile; fileRef = B2FE966B7E62C3FB20DE71F7 /* MoltQuantityStepper.swift */; };
		425A79AD53D18471E2196DE7 /* KeychainAccess in Frameworks */ = {isa = PBXBuildFile; productRef = AE4565B462B9953D80DBFAED /* KeychainAccess */; };
		428F9C423EE8639C27039849 /* FirebaseAnalytics in Frameworks */ = {isa = PBXBuildFile; productRef = 5796C24228555A16CCF6A61D /* FirebaseAnalytics */; };
		7CBC272BC38D7D384FC87A51 /* AppRouterDeepLinkTests.swift in Sources */ = {isa = PBXBuildFile; fileRef = 92E03D67F210A11F42FF4DBD /* AppRouterDeepLinkTests.swift */; };
		AB8A6E6630AAC4B692C31E78 /* AppRouterNavigationTests.swift in Sources */ = {isa = PBXBuildFile; fileRef = 72F6BF223FC75C43FF40431B /* AppRouterNavigationTests.swift */; };
		F528989280188D39FC389C8F /* AppRouterStateTests.swift in Sources */ = {isa = PBXBuildFile; fileRef = F50F2A63DC7C376583279159 /* AppRouterStateTests.swift */; };
		43C1A9A65312CF95DF058800 /* RetryPolicyTests.swift in Sources */ = {isa = PBXBuildFile; fileRef = EF3C4AD2AAC913FBA29659E7 /* RetryPolicyTests.swift */; };
		43D0EAAAC64517E6E5308593 /* TokenStorage.swift in Sources */ = {isa = PBXBuildFile; fileRef = 555E8358851E4935F41B0CE9 /* TokenStorage.swift */; };
		44A83862A0AB8C421F64A2F5 /* RouteView.swift in Sources */ = {isa = PBXBuildFile; fileRef = FA14FF9BF5CCFE0D100A0DE9 /* RouteView.swift */; };
		47F6CF83DD154CE2EBC0543B /* APIClient.swift in Sources */ = {isa = PBXBuildFile; fileRef = 44924854D3F87C4767E134D1 /* APIClient.swift */; };
		48C6B6D6C07A425116A319DB /* MoltElevation.swift in Sources */ = {isa = PBXBuildFile; fileRef = 3DD7442B1733300D6B890BEF /* MoltElevation.swift */; };
		491A67A113A795EC7360082A /* TokenStorageTests.swift in Sources */ = {isa = PBXBuildFile; fileRef = 885B95127ABEED04970C71FC /* TokenStorageTests.swift */; };
		4A7587D524FBE198EC211BB7 /* MoltImage.swift in Sources */ = {isa = PBXBuildFile; fileRef = 05C9F64D1759C903FF4B2A8C /* MoltImage.swift */; };
		4B7AC2C5D8BF34749EE9C617 /* MoltLoadingView.swift in Sources */ = {isa = PBXBuildFile; fileRef = 8DCC6743A28D836C9A7B29E3 /* MoltLoadingView.swift */; };
		4E52E9ABD5FFCE40DBBB07C7 /* MoltTheme.swift in Sources */ = {isa = PBXBuildFile; fileRef = 2EDF5E770AED65686426372F /* MoltTheme.swift */; };
		4F632579BFCBA8831B27126D /* SnapshotTesting in Frameworks */ = {isa = PBXBuildFile; productRef = 87D0C63AC8B95476F9595855 /* SnapshotTesting */; };
		51BE439B9FE855372DA3A893 /* NetworkMonitorTests.swift in Sources */ = {isa = PBXBuildFile; fileRef = 42B2A9DCBCB529FD0C63945D /* NetworkMonitorTests.swift */; };
		528378B619B9F7144EAEF54B /* DeepLinkParser.swift in Sources */ = {isa = PBXBuildFile; fileRef = 0AFBEC4AA37D04F36E6BC60F /* DeepLinkParser.swift */; };
		55C27CE10C9D6E150CFA4216 /* AuthStateManager.swift in Sources */ = {isa = PBXBuildFile; fileRef = F5660DADA3C0F9D3C43E0144 /* AuthStateManager.swift */; };
		5644A9BF0B1ED1A7CAECE0EE /* PaginatedResponseTests.swift in Sources */ = {isa = PBXBuildFile; fileRef = 479AEDFBC00D6216FC901B13 /* PaginatedResponseTests.swift */; };
		0AC10E2DBA6FE0AA2473E48C /* RouteAuthTests.swift in Sources */ = {isa = PBXBuildFile; fileRef = 897DE25ED094FD1F53CD9A6A /* RouteAuthTests.swift */; };
		752DB3CAFB4D85EFA505E559 /* RoutePropertyTests.swift in Sources */ = {isa = PBXBuildFile; fileRef = 4CC4921A460584155B066BB4 /* RoutePropertyTests.swift */; };
		5DF52A98F821A4E4871C458C /* BiometricTokenStorage.swift in Sources */ = {isa = PBXBuildFile; fileRef = 6E7D7F30449E832BB4D0EAB0 /* BiometricTokenStorage.swift */; };
		5F343A095F070928509833A3 /* MedusaErrorDTO.swift in Sources */ = {isa = PBXBuildFile; fileRef = 77AA30517DCE0975BCA83996 /* MedusaErrorDTO.swift */; };
		5F70D64EE628C39FA1CB03E6 /* LoginRequest.swift in Sources */ = {isa = PBXBuildFile; fileRef = 9773618D07782D6051910CDC /* LoginRequest.swift */; };
		600867F6DF557B31C1C69E9D /* JSONCoders.swift in Sources */ = {isa = PBXBuildFile; fileRef = E5067E50478883745968CBB3 /* JSONCoders.swift */; };
		60BE49E8B598321EAA6767EA /* LocalizableTests.swift in Sources */ = {isa = PBXBuildFile; fileRef = 2A6781E654FF35BC3A613C53 /* LocalizableTests.swift */; };
		61C3FE04A847F7D477DF8A43 /* AuthStateManagerTests.swift in Sources */ = {isa = PBXBuildFile; fileRef = 000FD79168621E152706007D /* AuthStateManagerTests.swift */; };
		65D20D4B09BAB86C1262A996 /* Sentry in Frameworks */ = {isa = PBXBuildFile; productRef = 82D588A709AE3CBA15F476F1 /* Sentry */; };
		66F1F8B90A6F745FD3E01C31 /* PlaceholderView.swift in Sources */ = {isa = PBXBuildFile; fileRef = 0B7FD1EC00A736AA40122C9A /* PlaceholderView.swift */; };
		6948B56CAD17B3711D93C2AB /* PlaceholderViewTests.swift in Sources */ = {isa = PBXBuildFile; fileRef = 22E97CFB4756553EB57AB7E8 /* PlaceholderViewTests.swift */; };
		6FCEEF7829DDA5077C0AAC5F /* Route.swift in Sources */ = {isa = PBXBuildFile; fileRef = FFE56AEBE23D35F939C0381D /* Route.swift */; };
		70C48DF7342D24660EE62817 /* MoltEmptyView.swift in Sources */ = {isa = PBXBuildFile; fileRef = E6ADFD046F30F0866B8E5AB2 /* MoltEmptyView.swift */; };
		746099AF4C0A37501C47EC83 /* MoltCard.swift in Sources */ = {isa = PBXBuildFile; fileRef = 9107164CF634CAD51DCFAEB8 /* MoltCard.swift */; };
		784BD787975D5504D7D07F51 /* MoltTabBar.swift in Sources */ = {isa = PBXBuildFile; fileRef = F9A96599B81199BB8A97284E /* MoltTabBar.swift */; };
		7D9396D564F07A9852AD29BC /* PaginatedResponse.swift in Sources */ = {isa = PBXBuildFile; fileRef = 1EC49E96766C937B3790D264 /* PaginatedResponse.swift */; };
		7F0C8DFD1A26CDE7D4C2E82F /* FirebaseRemoteConfig in Frameworks */ = {isa = PBXBuildFile; productRef = 4B5AED23F7F0320BADB15E55 /* FirebaseRemoteConfig */; };
		8BD1BEE7E7126D835ED5D823 /* TokenProviderTests.swift in Sources */ = {isa = PBXBuildFile; fileRef = 543CF40C5DE1CBDE6F95C3A0 /* TokenProviderTests.swift */; };
		8BF63E4DAF30BFB52AF31CA3 /* MoltButton.swift in Sources */ = {isa = PBXBuildFile; fileRef = BE984110B4ED6B9FB1A7372E /* MoltButton.swift */; };
		8C762F9D02CB9D9F58C2C4BB /* FakeTokenStorage.swift in Sources */ = {isa = PBXBuildFile; fileRef = 575A44746BC10765B735F92E /* FakeTokenStorage.swift */; };
		8D9BDF928BD8FD45A005FCD9 /* MoltTabBarTests.swift in Sources */ = {isa = PBXBuildFile; fileRef = AFF84CC2D9F865C565DDF340 /* MoltTabBarTests.swift */; };
		904A98ACF5D38F5F431E8E2C /* MoltEmptyViewTests.swift in Sources */ = {isa = PBXBuildFile; fileRef = 9B2A50D0E55552F373D13F11 /* MoltEmptyViewTests.swift */; };
		90F3B525A515BF7FA65AA84C /* AppRouter.swift in Sources */ = {isa = PBXBuildFile; fileRef = 1851A2BF63B2E916E73B4F26 /* AppRouter.swift */; };
		9188999C41BBA12EC12CDFBB /* MoltMarketplaceApp.swift in Sources */ = {isa = PBXBuildFile; fileRef = 2623857302B51F9203BBC5AE /* MoltMarketplaceApp.swift */; };
		9248765104D3F7552727AA21 /* NetworkConfigTests.swift in Sources */ = {isa = PBXBuildFile; fileRef = 380354B206493F3EDBE22D6B /* NetworkConfigTests.swift */; };
		92F08C5B2E3313AE75E4908B /* MoltLoadingViewTests.swift in Sources */ = {isa = PBXBuildFile; fileRef = 137C84B8F93548F60625C589 /* MoltLoadingViewTests.swift */; };
		932A2E3A7C540B7EFC62D0C2 /* NetworkConfig.swift in Sources */ = {isa = PBXBuildFile; fileRef = EEAC7A0F26FB78C4AAF027A3 /* NetworkConfig.swift */; };
		93CA5CAD99AD0B2C592476F7 /* MoltColorsTests.swift in Sources */ = {isa = PBXBuildFile; fileRef = 033C2530E11CEC05274D49AF /* MoltColorsTests.swift */; };
		93CF53086116F76D70A69222 /* NavigationDestinationModifier.swift in Sources */ = {isa = PBXBuildFile; fileRef = C3699E1216D994AEFBAD01A0 /* NavigationDestinationModifier.swift */; };
		944DFE30E35399EABD9346CF /* SessionManager.swift in Sources */ = {isa = PBXBuildFile; fileRef = C76430E04B06EFA2002685F4 /* SessionManager.swift */; };
		9A6B12992ABEF717CA70BE9B /* HTTPMethod.swift in Sources */ = {isa = PBXBuildFile; fileRef = A538F6391C8D6E894FCB25BB /* HTTPMethod.swift */; };
		9B2304B00742C6EF50F9A9B3 /* FirebaseCrashlytics in Frameworks */ = {isa = PBXBuildFile; productRef = 532FD11F3D3273FA6232FD55 /* FirebaseCrashlytics */; };
		9BE529B71D95243C0429B683 /* RegisterRequest.swift in Sources */ = {isa = PBXBuildFile; fileRef = B080F5D5A8776DE6EE6CBCF4 /* RegisterRequest.swift */; };
		A0CB992F7356717F00AC7766 /* AuthState.swift in Sources */ = {isa = PBXBuildFile; fileRef = 7B8BAF091DC24C0728A66E76 /* AuthState.swift */; };
		A2CA905DCE676FA4BC333C79 /* MoltChipTests.swift in Sources */ = {isa = PBXBuildFile; fileRef = C0FB89B4F158289374534389 /* MoltChipTests.swift */; };
		ADAC518F1B809EA3F9B0718C /* MoltQuantityStepperTests.swift in Sources */ = {isa = PBXBuildFile; fileRef = C21F3EEA62495CC62785AF1E /* MoltQuantityStepperTests.swift */; };
		AFAA7AA79865A2114D52CEAA /* ArchitectureTests.swift in Sources */ = {isa = PBXBuildFile; fileRef = 4499A44FD23D43F396771CCA /* ArchitectureTests.swift */; };
		B062D06EFD23B216C7120C8F /* NukeUI in Frameworks */ = {isa = PBXBuildFile; productRef = 33657EACEEEB375E5D5FA417 /* NukeUI */; };
		B129DA10DF9CEEF1AB318753 /* MoltBadgeTests.swift in Sources */ = {isa = PBXBuildFile; fileRef = 36CB93AB3CE23EF49ABDC180 /* MoltBadgeTests.swift */; };
		B28106C551A9DDDB59AFF2E2 /* MoltTypography.swift in Sources */ = {isa = PBXBuildFile; fileRef = EF14957D737C403D4C202BBF /* MoltTypography.swift */; };
		B3FFC81A791EAAFC083A0BE6 /* MoltImageTests.swift in Sources */ = {isa = PBXBuildFile; fileRef = 207C3B26963E82E5C81E0939 /* MoltImageTests.swift */; };
		B4676D7F953FFB878F27E9B6 /* MockURLProtocol.swift in Sources */ = {isa = PBXBuildFile; fileRef = D09A0E1480A554F945A275BE /* MockURLProtocol.swift */; };
		B690D39A246540F32379063E /* MoltSpacingTests.swift in Sources */ = {isa = PBXBuildFile; fileRef = 9C34D805C5146584F882BFC7 /* MoltSpacingTests.swift */; };
		BB04CFC8AC8CF03841B7CD22 /* EndpointTests.swift in Sources */ = {isa = PBXBuildFile; fileRef = 1FF33FF33FB4EC6AEEB784EB /* EndpointTests.swift */; };
		BBC56E84E169A6E4BA9D7EA3 /* MoltColors.swift in Sources */ = {isa = PBXBuildFile; fileRef = 4E761DC10EDDB98E6A4D7F32 /* MoltColors.swift */; };
		BC6817AF50B36BAB2E98C4EA /* JSONCodersTests.swift in Sources */ = {isa = PBXBuildFile; fileRef = 51C80DCDC395782C28BB77B0 /* JSONCodersTests.swift */; };
		BDCC21DADF4A12BC30557BED /* MoltPriceText.swift in Sources */ = {isa = PBXBuildFile; fileRef = 52BB9D9C336DEFADA2BA1E85 /* MoltPriceText.swift */; };
		BFF6172DCB03259B41B4A56A /* MainTabView.swift in Sources */ = {isa = PBXBuildFile; fileRef = F14C6DE3529B0014E7875A5B /* MainTabView.swift */; };
		C20FF0BD4AC86986CA7AC5AF /* FirebaseMessaging in Frameworks */ = {isa = PBXBuildFile; productRef = DAA71C964A252460F4727E25 /* FirebaseMessaging */; };
		C25F946ABEB27E6E84FED717 /* MoltPriceTextTests.swift in Sources */ = {isa = PBXBuildFile; fileRef = 4C35827356B83FCB7EC6FABA /* MoltPriceTextTests.swift */; };
		C83F6232F61FCD3C35EBA7E7 /* ViewInspector in Frameworks */ = {isa = PBXBuildFile; productRef = EBFF3A5B3E71ECA346D268F9 /* ViewInspector */; };
		C89A1E2088B67793A52C3F8E /* TabTests.swift in Sources */ = {isa = PBXBuildFile; fileRef = D0311F008B3C58A3E0A41D0E /* TabTests.swift */; };
		C8BF8CA46696CB8F1036E6F1 /* TokenProvider.swift in Sources */ = {isa = PBXBuildFile; fileRef = 6BF515DA58CA50CD1CAEDA7B /* TokenProvider.swift */; };
		CF29208B560993D4771FF59F /* MoltRatingBar.swift in Sources */ = {isa = PBXBuildFile; fileRef = 9C77B645178F56C7EFDDD50A /* MoltRatingBar.swift */; };
		D38AEF5817684527F2510486 /* Assets.xcassets in Resources */ = {isa = PBXBuildFile; fileRef = 8B6744C548F4E1E7E28C8A40 /* Assets.xcassets */; };
		D65F68A19866080BB0FFECDA /* MoltElevationTests.swift in Sources */ = {isa = PBXBuildFile; fileRef = 0B589E821679E6540F1B7FEC /* MoltElevationTests.swift */; };
		D7505BCDC605DF17BE937EDC /* ConfigTests.swift in Sources */ = {isa = PBXBuildFile; fileRef = 5A781AA8A0197BC663457891 /* ConfigTests.swift */; };
		D8D8CE2372A08A50DB72F67A /* MoltCornerRadius.swift in Sources */ = {isa = PBXBuildFile; fileRef = 0D5B9CC3C24C7009A718C0C6 /* MoltCornerRadius.swift */; };
		DD8336A1956DE506D700D08C /* MoltSpacing.swift in Sources */ = {isa = PBXBuildFile; fileRef = FA96805A12DE25D240C2CB03 /* MoltSpacing.swift */; };
		DEF682F4A39F10F74044A7FA /* Nuke in Frameworks */ = {isa = PBXBuildFile; productRef = FDB0E1E9B6E79B4520CFDD1E /* Nuke */; };
		E0024DAE5E1DB5F86D9BF89F /* AuthMiddleware.swift in Sources */ = {isa = PBXBuildFile; fileRef = 0CD450106BE9402A0AE68DAD /* AuthMiddleware.swift */; };
		E470B0A05D6A2F13FF378D42 /* Endpoint.swift in Sources */ = {isa = PBXBuildFile; fileRef = DE5A571095BA57CBE0B37F3C /* Endpoint.swift */; };
		E7A0B15ABD5B1911796137F4 /* MoltErrorViewTests.swift in Sources */ = {isa = PBXBuildFile; fileRef = D275AC2ACBCA57A0C33897B9 /* MoltErrorViewTests.swift */; };
		E85544B3690E2D3D3A68A442 /* Config.swift in Sources */ = {isa = PBXBuildFile; fileRef = 40BE92AD0FA3B02AED5D7789 /* Config.swift */; };
		EA5F0D8ED3F7BDFA0ECD8EB6 /* MoltTextField.swift in Sources */ = {isa = PBXBuildFile; fileRef = 93D76A077D41437F665B7043 /* MoltTextField.swift */; };
		EB11EB0759854250411DC5D3 /* AuthEndpoint.swift in Sources */ = {isa = PBXBuildFile; fileRef = B5A5D6C64BBA1BED59A898F4 /* AuthEndpoint.swift */; };
		EB5C2F646E44747EC39B57AE /* AuthStateManagerImpl.swift in Sources */ = {isa = PBXBuildFile; fileRef = 3C04B6EEC622EFC28941A7C4 /* AuthStateManagerImpl.swift */; };
		EC06EC9348341A91BC275CC9 /* MoltCornerRadiusTests.swift in Sources */ = {isa = PBXBuildFile; fileRef = ADE9D9EE3685E54EBA495A78 /* MoltCornerRadiusTests.swift */; };
		F15E0A7AAD9B55CFEC7535B9 /* MoltBadge.swift in Sources */ = {isa = PBXBuildFile; fileRef = 3FBDDF463EB5B265CD4BCCF6 /* MoltBadge.swift */; };
		F546287CF92E4AE404B38BC1 /* AppError.swift in Sources */ = {isa = PBXBuildFile; fileRef = E098365BBBA105D187739634 /* AppError.swift */; };
		F9B5AF7E3CD3698C5DB86D39 /* DeepLinkParserTests.swift in Sources */ = {isa = PBXBuildFile; fileRef = A394AB247A3AA5FFF29F0E0C /* DeepLinkParserTests.swift */; };
		552C13056EF633B467DA4EB4 /* APIClientRequestTests.swift in Sources */ = {isa = PBXBuildFile; fileRef = 1E8E5ABCA13A0028076B8EBB /* APIClientRequestTests.swift */; };
		E5BD1ADC840E017006EC8C3F /* APIClientRetryTests.swift in Sources */ = {isa = PBXBuildFile; fileRef = D75F4AB1EF70635DA2582E4B /* APIClientRetryTests.swift */; };
		4D1D4F6C3AE148B18CD56DCE /* APIClientAuthTests.swift in Sources */ = {isa = PBXBuildFile; fileRef = A24417FE03095A9796E9ADE6 /* APIClientAuthTests.swift */; };
/* End PBXBuildFile section */

/* Begin PBXContainerItemProxy section */
		1F5CE27971CB7A61324A963C /* PBXContainerItemProxy */ = {
			isa = PBXContainerItemProxy;
			containerPortal = CD463566EF0DD0FCCEBCBCB6 /* Project object */;
			proxyType = 1;
			remoteGlobalIDString = F1E0AD1D41173613957ACC94;
			remoteInfo = MoltMarketplace;
		};
		67CFF3BE0950BFD533239863 /* PBXContainerItemProxy */ = {
			isa = PBXContainerItemProxy;
			containerPortal = CD463566EF0DD0FCCEBCBCB6 /* Project object */;
			proxyType = 1;
			remoteGlobalIDString = F1E0AD1D41173613957ACC94;
			remoteInfo = MoltMarketplace;
		};
/* End PBXContainerItemProxy section */

/* Begin PBXFileReference section */
		000FD79168621E152706007D /* AuthStateManagerTests.swift */ = {isa = PBXFileReference; lastKnownFileType = sourcecode.swift; path = AuthStateManagerTests.swift; sourceTree = "<group>"; };
		01C53F9C8E440F9DB251617F /* RetryPolicy.swift */ = {isa = PBXFileReference; lastKnownFileType = sourcecode.swift; path = RetryPolicy.swift; sourceTree = "<group>"; };
		033C2530E11CEC05274D49AF /* MoltColorsTests.swift */ = {isa = PBXFileReference; lastKnownFileType = sourcecode.swift; path = MoltColorsTests.swift; sourceTree = "<group>"; };
		05C9F64D1759C903FF4B2A8C /* MoltImage.swift */ = {isa = PBXFileReference; lastKnownFileType = sourcecode.swift; path = MoltImage.swift; sourceTree = "<group>"; };
		08DD5AE3B5B22FE7BDCC9355 /* KeychainTokenStorage.swift */ = {isa = PBXFileReference; lastKnownFileType = sourcecode.swift; path = KeychainTokenStorage.swift; sourceTree = "<group>"; };
		0AFBEC4AA37D04F36E6BC60F /* DeepLinkParser.swift */ = {isa = PBXFileReference; lastKnownFileType = sourcecode.swift; path = DeepLinkParser.swift; sourceTree = "<group>"; };
		0B589E821679E6540F1B7FEC /* MoltElevationTests.swift */ = {isa = PBXFileReference; lastKnownFileType = sourcecode.swift; path = MoltElevationTests.swift; sourceTree = "<group>"; };
		0B7FD1EC00A736AA40122C9A /* PlaceholderView.swift */ = {isa = PBXFileReference; lastKnownFileType = sourcecode.swift; path = PlaceholderView.swift; sourceTree = "<group>"; };
		0CD450106BE9402A0AE68DAD /* AuthMiddleware.swift */ = {isa = PBXFileReference; lastKnownFileType = sourcecode.swift; path = AuthMiddleware.swift; sourceTree = "<group>"; };
		0D2FC0B0006CC55F1ED21057 /* Container+Extensions.swift */ = {isa = PBXFileReference; lastKnownFileType = sourcecode.swift; path = "Container+Extensions.swift"; sourceTree = "<group>"; };
		0D5B9CC3C24C7009A718C0C6 /* MoltCornerRadius.swift */ = {isa = PBXFileReference; lastKnownFileType = sourcecode.swift; path = MoltCornerRadius.swift; sourceTree = "<group>"; };
		137C84B8F93548F60625C589 /* MoltLoadingViewTests.swift */ = {isa = PBXFileReference; lastKnownFileType = sourcecode.swift; path = MoltLoadingViewTests.swift; sourceTree = "<group>"; };
		16C3E346871C401D5FCBB922 /* Info.plist */ = {isa = PBXFileReference; lastKnownFileType = text.plist; path = Info.plist; sourceTree = "<group>"; };
		1851A2BF63B2E916E73B4F26 /* AppRouter.swift */ = {isa = PBXFileReference; lastKnownFileType = sourcecode.swift; path = AppRouter.swift; sourceTree = "<group>"; };
		1AF5B6941EDBA5230672E481 /* MoltErrorView.swift */ = {isa = PBXFileReference; lastKnownFileType = sourcecode.swift; path = MoltErrorView.swift; sourceTree = "<group>"; };
		1EC49E96766C937B3790D264 /* PaginatedResponse.swift */ = {isa = PBXFileReference; lastKnownFileType = sourcecode.swift; path = PaginatedResponse.swift; sourceTree = "<group>"; };
		1FF33FF33FB4EC6AEEB784EB /* EndpointTests.swift */ = {isa = PBXFileReference; lastKnownFileType = sourcecode.swift; path = EndpointTests.swift; sourceTree = "<group>"; };
		207C3B26963E82E5C81E0939 /* MoltImageTests.swift */ = {isa = PBXFileReference; lastKnownFileType = sourcecode.swift; path = MoltImageTests.swift; sourceTree = "<group>"; };
		22E97CFB4756553EB57AB7E8 /* PlaceholderViewTests.swift */ = {isa = PBXFileReference; lastKnownFileType = sourcecode.swift; path = PlaceholderViewTests.swift; sourceTree = "<group>"; };
		2623857302B51F9203BBC5AE /* MoltMarketplaceApp.swift */ = {isa = PBXFileReference; lastKnownFileType = sourcecode.swift; path = MoltMarketplaceApp.swift; sourceTree = "<group>"; };
		28547F71F6DD09DD5F04031B /* MoltTopBar.swift */ = {isa = PBXFileReference; lastKnownFileType = sourcecode.swift; path = MoltTopBar.swift; sourceTree = "<group>"; };
		2A6781E654FF35BC3A613C53 /* LocalizableTests.swift */ = {isa = PBXFileReference; lastKnownFileType = sourcecode.swift; path = LocalizableTests.swift; sourceTree = "<group>"; };
		2D0825B67FCF99B51F85B49F /* AppErrorTests.swift */ = {isa = PBXFileReference; lastKnownFileType = sourcecode.swift; path = AppErrorTests.swift; sourceTree = "<group>"; };
		2E4B7AE544F06A5FA5847B63 /* MoltButtonTests.swift */ = {isa = PBXFileReference; lastKnownFileType = sourcecode.swift; path = MoltButtonTests.swift; sourceTree = "<group>"; };
		2EDF5E770AED65686426372F /* MoltTheme.swift */ = {isa = PBXFileReference; lastKnownFileType = sourcecode.swift; path = MoltTheme.swift; sourceTree = "<group>"; };
		36CB93AB3CE23EF49ABDC180 /* MoltBadgeTests.swift */ = {isa = PBXFileReference; lastKnownFileType = sourcecode.swift; path = MoltBadgeTests.swift; sourceTree = "<group>"; };
		380354B206493F3EDBE22D6B /* NetworkConfigTests.swift */ = {isa = PBXFileReference; lastKnownFileType = sourcecode.swift; path = NetworkConfigTests.swift; sourceTree = "<group>"; };
		3C04B6EEC622EFC28941A7C4 /* AuthStateManagerImpl.swift */ = {isa = PBXFileReference; lastKnownFileType = sourcecode.swift; path = AuthStateManagerImpl.swift; sourceTree = "<group>"; };
		3DD7442B1733300D6B890BEF /* MoltElevation.swift */ = {isa = PBXFileReference; lastKnownFileType = sourcecode.swift; path = MoltElevation.swift; sourceTree = "<group>"; };
		3FBDDF463EB5B265CD4BCCF6 /* MoltBadge.swift */ = {isa = PBXFileReference; lastKnownFileType = sourcecode.swift; path = MoltBadge.swift; sourceTree = "<group>"; };
		40BE92AD0FA3B02AED5D7789 /* Config.swift */ = {isa = PBXFileReference; lastKnownFileType = sourcecode.swift; path = Config.swift; sourceTree = "<group>"; };
		417644A38F36C3BE6C3F9C13 /* MoltMarketplaceUITests.xctest */ = {isa = PBXFileReference; includeInIndex = 0; lastKnownFileType = wrapper.cfbundle; path = MoltMarketplaceUITests.xctest; sourceTree = BUILT_PRODUCTS_DIR; };
		42B2A9DCBCB529FD0C63945D /* NetworkMonitorTests.swift */ = {isa = PBXFileReference; lastKnownFileType = sourcecode.swift; path = NetworkMonitorTests.swift; sourceTree = "<group>"; };
		44924854D3F87C4767E134D1 /* APIClient.swift */ = {isa = PBXFileReference; lastKnownFileType = sourcecode.swift; path = APIClient.swift; sourceTree = "<group>"; };
		4499A44FD23D43F396771CCA /* ArchitectureTests.swift */ = {isa = PBXFileReference; lastKnownFileType = sourcecode.swift; path = ArchitectureTests.swift; sourceTree = "<group>"; };
		45B8E02D1523211225AFBBBA /* AuthTokenResponse.swift */ = {isa = PBXFileReference; lastKnownFileType = sourcecode.swift; path = AuthTokenResponse.swift; sourceTree = "<group>"; };
		479AEDFBC00D6216FC901B13 /* PaginatedResponseTests.swift */ = {isa = PBXFileReference; lastKnownFileType = sourcecode.swift; path = PaginatedResponseTests.swift; sourceTree = "<group>"; };
		4C35827356B83FCB7EC6FABA /* MoltPriceTextTests.swift */ = {isa = PBXFileReference; lastKnownFileType = sourcecode.swift; path = MoltPriceTextTests.swift; sourceTree = "<group>"; };
		4E761DC10EDDB98E6A4D7F32 /* MoltColors.swift */ = {isa = PBXFileReference; lastKnownFileType = sourcecode.swift; path = MoltColors.swift; sourceTree = "<group>"; };
		51C80DCDC395782C28BB77B0 /* JSONCodersTests.swift */ = {isa = PBXFileReference; lastKnownFileType = sourcecode.swift; path = JSONCodersTests.swift; sourceTree = "<group>"; };
		52BB9D9C336DEFADA2BA1E85 /* MoltPriceText.swift */ = {isa = PBXFileReference; lastKnownFileType = sourcecode.swift; path = MoltPriceText.swift; sourceTree = "<group>"; };
		543CF40C5DE1CBDE6F95C3A0 /* TokenProviderTests.swift */ = {isa = PBXFileReference; lastKnownFileType = sourcecode.swift; path = TokenProviderTests.swift; sourceTree = "<group>"; };
		555E8358851E4935F41B0CE9 /* TokenStorage.swift */ = {isa = PBXFileReference; lastKnownFileType = sourcecode.swift; path = TokenStorage.swift; sourceTree = "<group>"; };
		563445AE805BEC63BD044BBF /* AuthEndpointTests.swift */ = {isa = PBXFileReference; lastKnownFileType = sourcecode.swift; path = AuthEndpointTests.swift; sourceTree = "<group>"; };
		575A44746BC10765B735F92E /* FakeTokenStorage.swift */ = {isa = PBXFileReference; lastKnownFileType = sourcecode.swift; path = FakeTokenStorage.swift; sourceTree = "<group>"; };
		5A781AA8A0197BC663457891 /* ConfigTests.swift */ = {isa = PBXFileReference; lastKnownFileType = sourcecode.swift; path = ConfigTests.swift; sourceTree = "<group>"; };
		61D34E52EA954DC323C74B89 /* ContainerTests.swift */ = {isa = PBXFileReference; lastKnownFileType = sourcecode.swift; path = ContainerTests.swift; sourceTree = "<group>"; };
		62689091D4D4B017CD009C61 /* NetworkMonitor.swift */ = {isa = PBXFileReference; lastKnownFileType = sourcecode.swift; path = NetworkMonitor.swift; sourceTree = "<group>"; };
		6BF515DA58CA50CD1CAEDA7B /* TokenProvider.swift */ = {isa = PBXFileReference; lastKnownFileType = sourcecode.swift; path = TokenProvider.swift; sourceTree = "<group>"; };
		6E7D7F30449E832BB4D0EAB0 /* BiometricTokenStorage.swift */ = {isa = PBXFileReference; lastKnownFileType = sourcecode.swift; path = BiometricTokenStorage.swift; sourceTree = "<group>"; };
		6E8E05034D1CB26C2561668A /* MoltRatingBarTests.swift */ = {isa = PBXFileReference; lastKnownFileType = sourcecode.swift; path = MoltRatingBarTests.swift; sourceTree = "<group>"; };
		77364795F411A949687B29A5 /* .gitkeep */ = {isa = PBXFileReference; path = .gitkeep; sourceTree = "<group>"; };
		77AA30517DCE0975BCA83996 /* MedusaErrorDTO.swift */ = {isa = PBXFileReference; lastKnownFileType = sourcecode.swift; path = MedusaErrorDTO.swift; sourceTree = "<group>"; };
		7B8BAF091DC24C0728A66E76 /* AuthState.swift */ = {isa = PBXFileReference; lastKnownFileType = sourcecode.swift; path = AuthState.swift; sourceTree = "<group>"; };
		81AEB5341BCB6D1683358830 /* Localizable.xcstrings */ = {isa = PBXFileReference; lastKnownFileType = text.json.xcstrings; path = Localizable.xcstrings; sourceTree = "<group>"; };
		8367AC7D24C87D3EBFC40EDF /* MoltCardTests.swift */ = {isa = PBXFileReference; lastKnownFileType = sourcecode.swift; path = MoltCardTests.swift; sourceTree = "<group>"; };
		885B95127ABEED04970C71FC /* TokenStorageTests.swift */ = {isa = PBXFileReference; lastKnownFileType = sourcecode.swift; path = TokenStorageTests.swift; sourceTree = "<group>"; };
		8B6744C548F4E1E7E28C8A40 /* Assets.xcassets */ = {isa = PBXFileReference; lastKnownFileType = folder.assetcatalog; path = Assets.xcassets; sourceTree = "<group>"; };
		8DCC6743A28D836C9A7B29E3 /* MoltLoadingView.swift */ = {isa = PBXFileReference; lastKnownFileType = sourcecode.swift; path = MoltLoadingView.swift; sourceTree = "<group>"; };
		9107164CF634CAD51DCFAEB8 /* MoltCard.swift */ = {isa = PBXFileReference; lastKnownFileType = sourcecode.swift; path = MoltCard.swift; sourceTree = "<group>"; };
		93D76A077D41437F665B7043 /* MoltTextField.swift */ = {isa = PBXFileReference; lastKnownFileType = sourcecode.swift; path = MoltTextField.swift; sourceTree = "<group>"; };
		95CDDD52047E62B05944712B /* RequestLogger.swift */ = {isa = PBXFileReference; lastKnownFileType = sourcecode.swift; path = RequestLogger.swift; sourceTree = "<group>"; };
		9773618D07782D6051910CDC /* LoginRequest.swift */ = {isa = PBXFileReference; lastKnownFileType = sourcecode.swift; path = LoginRequest.swift; sourceTree = "<group>"; };
		9B2A50D0E55552F373D13F11 /* MoltEmptyViewTests.swift */ = {isa = PBXFileReference; lastKnownFileType = sourcecode.swift; path = MoltEmptyViewTests.swift; sourceTree = "<group>"; };
		9C34D805C5146584F882BFC7 /* MoltSpacingTests.swift */ = {isa = PBXFileReference; lastKnownFileType = sourcecode.swift; path = MoltSpacingTests.swift; sourceTree = "<group>"; };
		9C77B645178F56C7EFDDD50A /* MoltRatingBar.swift */ = {isa = PBXFileReference; lastKnownFileType = sourcecode.swift; path = MoltRatingBar.swift; sourceTree = "<group>"; };
		A0A7CBF7721EFCEEC4DE8BFF /* MoltTextFieldTests.swift */ = {isa = PBXFileReference; lastKnownFileType = sourcecode.swift; path = MoltTextFieldTests.swift; sourceTree = "<group>"; };
		A394AB247A3AA5FFF29F0E0C /* DeepLinkParserTests.swift */ = {isa = PBXFileReference; lastKnownFileType = sourcecode.swift; path = DeepLinkParserTests.swift; sourceTree = "<group>"; };
		A46AEF10FAD31263E41A8F11 /* MoltMarketplaceTests.xctest */ = {isa = PBXFileReference; includeInIndex = 0; lastKnownFileType = wrapper.cfbundle; path = MoltMarketplaceTests.xctest; sourceTree = BUILT_PRODUCTS_DIR; };
		A538F6391C8D6E894FCB25BB /* HTTPMethod.swift */ = {isa = PBXFileReference; lastKnownFileType = sourcecode.swift; path = HTTPMethod.swift; sourceTree = "<group>"; };
		ADE9D9EE3685E54EBA495A78 /* MoltCornerRadiusTests.swift */ = {isa = PBXFileReference; lastKnownFileType = sourcecode.swift; path = MoltCornerRadiusTests.swift; sourceTree = "<group>"; };
		AFF84CC2D9F865C565DDF340 /* MoltTabBarTests.swift */ = {isa = PBXFileReference; lastKnownFileType = sourcecode.swift; path = MoltTabBarTests.swift; sourceTree = "<group>"; };
		B050F57437DBFA131C516717 /* MoltMarketplace.app */ = {isa = PBXFileReference; includeInIndex = 0; lastKnownFileType = wrapper.application; path = MoltMarketplace.app; sourceTree = BUILT_PRODUCTS_DIR; };
		B080F5D5A8776DE6EE6CBCF4 /* RegisterRequest.swift */ = {isa = PBXFileReference; lastKnownFileType = sourcecode.swift; path = RegisterRequest.swift; sourceTree = "<group>"; };
		B2FE966B7E62C3FB20DE71F7 /* MoltQuantityStepper.swift */ = {isa = PBXFileReference; lastKnownFileType = sourcecode.swift; path = MoltQuantityStepper.swift; sourceTree = "<group>"; };
		B59405CAA4EE85C548DFA5BD /* MoltTopBarTests.swift */ = {isa = PBXFileReference; lastKnownFileType = sourcecode.swift; path = MoltTopBarTests.swift; sourceTree = "<group>"; };
		B5A5D6C64BBA1BED59A898F4 /* AuthEndpoint.swift */ = {isa = PBXFileReference; lastKnownFileType = sourcecode.swift; path = AuthEndpoint.swift; sourceTree = "<group>"; };
		B72C477B1CBC8BE84E7DA113 /* Release.xcconfig */ = {isa = PBXFileReference; lastKnownFileType = text.xcconfig; path = Release.xcconfig; sourceTree = "<group>"; };
		B840285206CE00CA50C8DF74 /* .gitkeep */ = {isa = PBXFileReference; path = .gitkeep; sourceTree = "<group>"; };
		BE984110B4ED6B9FB1A7372E /* MoltButton.swift */ = {isa = PBXFileReference; lastKnownFileType = sourcecode.swift; path = MoltButton.swift; sourceTree = "<group>"; };
		BFD3C59EFB0693C71AD7236D /* Staging.xcconfig */ = {isa = PBXFileReference; lastKnownFileType = text.xcconfig; path = Staging.xcconfig; sourceTree = "<group>"; };
		C0FB89B4F158289374534389 /* MoltChipTests.swift */ = {isa = PBXFileReference; lastKnownFileType = sourcecode.swift; path = MoltChipTests.swift; sourceTree = "<group>"; };
		C21F3EEA62495CC62785AF1E /* MoltQuantityStepperTests.swift */ = {isa = PBXFileReference; lastKnownFileType = sourcecode.swift; path = MoltQuantityStepperTests.swift; sourceTree = "<group>"; };
		C3699E1216D994AEFBAD01A0 /* NavigationDestinationModifier.swift */ = {isa = PBXFileReference; lastKnownFileType = sourcecode.swift; path = NavigationDestinationModifier.swift; sourceTree = "<group>"; };
		C76430E04B06EFA2002685F4 /* SessionManager.swift */ = {isa = PBXFileReference; lastKnownFileType = sourcecode.swift; path = SessionManager.swift; sourceTree = "<group>"; };
		CA7E99A60235FAE3B592DCC5 /* Debug.xcconfig */ = {isa = PBXFileReference; lastKnownFileType = text.xcconfig; path = Debug.xcconfig; sourceTree = "<group>"; };
		CA86309C831B0A485D41B353 /* MoltChip.swift */ = {isa = PBXFileReference; lastKnownFileType = sourcecode.swift; path = MoltChip.swift; sourceTree = "<group>"; };
		CFD0DE0021AEB2D4F437068D /* SessionManagerTests.swift */ = {isa = PBXFileReference; lastKnownFileType = sourcecode.swift; path = SessionManagerTests.swift; sourceTree = "<group>"; };
		D0311F008B3C58A3E0A41D0E /* TabTests.swift */ = {isa = PBXFileReference; lastKnownFileType = sourcecode.swift; path = TabTests.swift; sourceTree = "<group>"; };
		D09A0E1480A554F945A275BE /* MockURLProtocol.swift */ = {isa = PBXFileReference; lastKnownFileType = sourcecode.swift; path = MockURLProtocol.swift; sourceTree = "<group>"; };
		D275AC2ACBCA57A0C33897B9 /* MoltErrorViewTests.swift */ = {isa = PBXFileReference; lastKnownFileType = sourcecode.swift; path = MoltErrorViewTests.swift; sourceTree = "<group>"; };
		D4F2AD1491562F49BB0E8F1C /* Tab.swift */ = {isa = PBXFileReference; lastKnownFileType = sourcecode.swift; path = Tab.swift; sourceTree = "<group>"; };
		92E03D67F210A11F42FF4DBD /* AppRouterDeepLinkTests.swift */ = {isa = PBXFileReference; lastKnownFileType = sourcecode.swift; path = AppRouterDeepLinkTests.swift; sourceTree = "<group>"; };
		72F6BF223FC75C43FF40431B /* AppRouterNavigationTests.swift */ = {isa = PBXFileReference; lastKnownFileType = sourcecode.swift; path = AppRouterNavigationTests.swift; sourceTree = "<group>"; };
		F50F2A63DC7C376583279159 /* AppRouterStateTests.swift */ = {isa = PBXFileReference; lastKnownFileType = sourcecode.swift; path = AppRouterStateTests.swift; sourceTree = "<group>"; };
		DE5A571095BA57CBE0B37F3C /* Endpoint.swift */ = {isa = PBXFileReference; lastKnownFileType = sourcecode.swift; path = Endpoint.swift; sourceTree = "<group>"; };
		E098365BBBA105D187739634 /* AppError.swift */ = {isa = PBXFileReference; lastKnownFileType = sourcecode.swift; path = AppError.swift; sourceTree = "<group>"; };
		E5067E50478883745968CBB3 /* JSONCoders.swift */ = {isa = PBXFileReference; lastKnownFileType = sourcecode.swift; path = JSONCoders.swift; sourceTree = "<group>"; };
		E6ADFD046F30F0866B8E5AB2 /* MoltEmptyView.swift */ = {isa = PBXFileReference; lastKnownFileType = sourcecode.swift; path = MoltEmptyView.swift; sourceTree = "<group>"; };
		E84BF7AD098442A03975DB84 /* MedusaErrorDTOTests.swift */ = {isa = PBXFileReference; lastKnownFileType = sourcecode.swift; path = MedusaErrorDTOTests.swift; sourceTree = "<group>"; };
		E8DCD97E9BEEF8B1A0C6FDF3 /* AuthMiddlewareTests.swift */ = {isa = PBXFileReference; lastKnownFileType = sourcecode.swift; path = AuthMiddlewareTests.swift; sourceTree = "<group>"; };
		1E8E5ABCA13A0028076B8EBB /* APIClientRequestTests.swift */ = {isa = PBXFileReference; lastKnownFileType = sourcecode.swift; path = APIClientRequestTests.swift; sourceTree = "<group>"; };
		D75F4AB1EF70635DA2582E4B /* APIClientRetryTests.swift */ = {isa = PBXFileReference; lastKnownFileType = sourcecode.swift; path = APIClientRetryTests.swift; sourceTree = "<group>"; };
		A24417FE03095A9796E9ADE6 /* APIClientAuthTests.swift */ = {isa = PBXFileReference; lastKnownFileType = sourcecode.swift; path = APIClientAuthTests.swift; sourceTree = "<group>"; };
		EEAC7A0F26FB78C4AAF027A3 /* NetworkConfig.swift */ = {isa = PBXFileReference; lastKnownFileType = sourcecode.swift; path = NetworkConfig.swift; sourceTree = "<group>"; };
		EF14957D737C403D4C202BBF /* MoltTypography.swift */ = {isa = PBXFileReference; lastKnownFileType = sourcecode.swift; path = MoltTypography.swift; sourceTree = "<group>"; };
		EF3C4AD2AAC913FBA29659E7 /* RetryPolicyTests.swift */ = {isa = PBXFileReference; lastKnownFileType = sourcecode.swift; path = RetryPolicyTests.swift; sourceTree = "<group>"; };
		F14C6DE3529B0014E7875A5B /* MainTabView.swift */ = {isa = PBXFileReference; lastKnownFileType = sourcecode.swift; path = MainTabView.swift; sourceTree = "<group>"; };
		F5660DADA3C0F9D3C43E0144 /* AuthStateManager.swift */ = {isa = PBXFileReference; lastKnownFileType = sourcecode.swift; path = AuthStateManager.swift; sourceTree = "<group>"; };
		F9A96599B81199BB8A97284E /* MoltTabBar.swift */ = {isa = PBXFileReference; lastKnownFileType = sourcecode.swift; path = MoltTabBar.swift; sourceTree = "<group>"; };
		897DE25ED094FD1F53CD9A6A /* RouteAuthTests.swift */ = {isa = PBXFileReference; lastKnownFileType = sourcecode.swift; path = RouteAuthTests.swift; sourceTree = "<group>"; };
		4CC4921A460584155B066BB4 /* RoutePropertyTests.swift */ = {isa = PBXFileReference; lastKnownFileType = sourcecode.swift; path = RoutePropertyTests.swift; sourceTree = "<group>"; };
		FA14FF9BF5CCFE0D100A0DE9 /* RouteView.swift */ = {isa = PBXFileReference; lastKnownFileType = sourcecode.swift; path = RouteView.swift; sourceTree = "<group>"; };
		FA96805A12DE25D240C2CB03 /* MoltSpacing.swift */ = {isa = PBXFileReference; lastKnownFileType = sourcecode.swift; path = MoltSpacing.swift; sourceTree = "<group>"; };
		FFE56AEBE23D35F939C0381D /* Route.swift */ = {isa = PBXFileReference; lastKnownFileType = sourcecode.swift; path = Route.swift; sourceTree = "<group>"; };
/* End PBXFileReference section */

/* Begin PBXFrameworksBuildPhase section */
		00BCFF93B07938DFCBDFD72B /* Frameworks */ = {
			isa = PBXFrameworksBuildPhase;
			buildActionMask = 2147483647;
			files = (
				047C511E2FB9F1D9B6E547C1 /* Factory in Frameworks */,
				DEF682F4A39F10F74044A7FA /* Nuke in Frameworks */,
				B062D06EFD23B216C7120C8F /* NukeUI in Frameworks */,
				425A79AD53D18471E2196DE7 /* KeychainAccess in Frameworks */,
				428F9C423EE8639C27039849 /* FirebaseAnalytics in Frameworks */,
				9B2304B00742C6EF50F9A9B3 /* FirebaseCrashlytics in Frameworks */,
				C20FF0BD4AC86986CA7AC5AF /* FirebaseMessaging in Frameworks */,
				7F0C8DFD1A26CDE7D4C2E82F /* FirebaseRemoteConfig in Frameworks */,
				65D20D4B09BAB86C1262A996 /* Sentry in Frameworks */,
			);
			runOnlyForDeploymentPostprocessing = 0;
		};
		445907C2AA31D630304D74F8 /* Frameworks */ = {
			isa = PBXFrameworksBuildPhase;
			buildActionMask = 2147483647;
			files = (
				C83F6232F61FCD3C35EBA7E7 /* ViewInspector in Frameworks */,
				4F632579BFCBA8831B27126D /* SnapshotTesting in Frameworks */,
			);
			runOnlyForDeploymentPostprocessing = 0;
		};
/* End PBXFrameworksBuildPhase section */

/* Begin PBXGroup section */
		050F3FBCDB7F139274662E42 /* Network */ = {
			isa = PBXGroup;
			children = (
				44924854D3F87C4767E134D1 /* APIClient.swift */,
				0CD450106BE9402A0AE68DAD /* AuthMiddleware.swift */,
				DE5A571095BA57CBE0B37F3C /* Endpoint.swift */,
				A538F6391C8D6E894FCB25BB /* HTTPMethod.swift */,
				E5067E50478883745968CBB3 /* JSONCoders.swift */,
				77AA30517DCE0975BCA83996 /* MedusaErrorDTO.swift */,
				EEAC7A0F26FB78C4AAF027A3 /* NetworkConfig.swift */,
				62689091D4D4B017CD009C61 /* NetworkMonitor.swift */,
				1EC49E96766C937B3790D264 /* PaginatedResponse.swift */,
				95CDDD52047E62B05944712B /* RequestLogger.swift */,
				01C53F9C8E440F9DB251617F /* RetryPolicy.swift */,
				6BF515DA58CA50CD1CAEDA7B /* TokenProvider.swift */,
			);
			path = Network;
			sourceTree = "<group>";
		};
		05C0113A12BCC98DD76F262E /* MoltMarketplaceTests */ = {
			isa = PBXGroup;
			children = (
				B840285206CE00CA50C8DF74 /* .gitkeep */,
				4499A44FD23D43F396771CCA /* ArchitectureTests.swift */,
				5A781AA8A0197BC663457891 /* ConfigTests.swift */,
				570BCF9C7C9A4C7BB3BF9029 /* Core */,
				BFCE56F21B907B5A596C6887 /* Resources */,
			);
			path = MoltMarketplaceTests;
			sourceTree = "<group>";
		};
		10A0620D0CBD224B3D784328 /* Navigation */ = {
			isa = PBXGroup;
			children = (
				1851A2BF63B2E916E73B4F26 /* AppRouter.swift */,
				0AFBEC4AA37D04F36E6BC60F /* DeepLinkParser.swift */,
				F14C6DE3529B0014E7875A5B /* MainTabView.swift */,
				C3699E1216D994AEFBAD01A0 /* NavigationDestinationModifier.swift */,
				0B7FD1EC00A736AA40122C9A /* PlaceholderView.swift */,
				FFE56AEBE23D35F939C0381D /* Route.swift */,
				FA14FF9BF5CCFE0D100A0DE9 /* RouteView.swift */,
				D4F2AD1491562F49BB0E8F1C /* Tab.swift */,
			);
			path = Navigation;
			sourceTree = "<group>";
		};
		11D59896679D2881EEC4E21E /* DesignSystem */ = {
			isa = PBXGroup;
			children = (
				32EBB39FE0A502BE1F67613B /* Component */,
				3535EBA3FCEB0B606038D18A /* Theme */,
			);
			path = DesignSystem;
			sourceTree = "<group>";
		};
		31FA3F26A0126D3CF84CAE03 /* Domain */ = {
			isa = PBXGroup;
			children = (
				67E1A9D13BB990095252D199 /* Error */,
			);
			path = Domain;
			sourceTree = "<group>";
		};
		32EBB39FE0A502BE1F67613B /* Component */ = {
			isa = PBXGroup;
			children = (
				3FBDDF463EB5B265CD4BCCF6 /* MoltBadge.swift */,
				BE984110B4ED6B9FB1A7372E /* MoltButton.swift */,
				9107164CF634CAD51DCFAEB8 /* MoltCard.swift */,
				CA86309C831B0A485D41B353 /* MoltChip.swift */,
				E6ADFD046F30F0866B8E5AB2 /* MoltEmptyView.swift */,
				1AF5B6941EDBA5230672E481 /* MoltErrorView.swift */,
				05C9F64D1759C903FF4B2A8C /* MoltImage.swift */,
				8DCC6743A28D836C9A7B29E3 /* MoltLoadingView.swift */,
				52BB9D9C336DEFADA2BA1E85 /* MoltPriceText.swift */,
				B2FE966B7E62C3FB20DE71F7 /* MoltQuantityStepper.swift */,
				9C77B645178F56C7EFDDD50A /* MoltRatingBar.swift */,
				F9A96599B81199BB8A97284E /* MoltTabBar.swift */,
				93D76A077D41437F665B7043 /* MoltTextField.swift */,
				28547F71F6DD09DD5F04031B /* MoltTopBar.swift */,
			);
			path = Component;
			sourceTree = "<group>";
		};
		3535EBA3FCEB0B606038D18A /* Theme */ = {
			isa = PBXGroup;
			children = (
				4E761DC10EDDB98E6A4D7F32 /* MoltColors.swift */,
				0D5B9CC3C24C7009A718C0C6 /* MoltCornerRadius.swift */,
				3DD7442B1733300D6B890BEF /* MoltElevation.swift */,
				FA96805A12DE25D240C2CB03 /* MoltSpacing.swift */,
				2EDF5E770AED65686426372F /* MoltTheme.swift */,
				EF14957D737C403D4C202BBF /* MoltTypography.swift */,
			);
			path = Theme;
			sourceTree = "<group>";
		};
		3B153EBDEDFA60896B96D69A /* Auth */ = {
			isa = PBXGroup;
			children = (
				563445AE805BEC63BD044BBF /* AuthEndpointTests.swift */,
				000FD79168621E152706007D /* AuthStateManagerTests.swift */,
				575A44746BC10765B735F92E /* FakeTokenStorage.swift */,
				CFD0DE0021AEB2D4F437068D /* SessionManagerTests.swift */,
				885B95127ABEED04970C71FC /* TokenStorageTests.swift */,
			);
			path = Auth;
			sourceTree = "<group>";
		};
		48BA5F23D3179361D6DAF320 /* Resources */ = {
			isa = PBXGroup;
			children = (
				8B6744C548F4E1E7E28C8A40 /* Assets.xcassets */,
				16C3E346871C401D5FCBB922 /* Info.plist */,
				81AEB5341BCB6D1683358830 /* Localizable.xcstrings */,
			);
			path = Resources;
			sourceTree = "<group>";
		};
		570BCF9C7C9A4C7BB3BF9029 /* Core */ = {
			isa = PBXGroup;
			children = (
				3B153EBDEDFA60896B96D69A /* Auth */,
				CA7C4CB013D83F19D523D98F /* DesignSystem */,
				7E2EB9E4D8226887CDD7CC6D /* DI */,
				ECAB9977C258ECE7112A2333 /* Navigation */,
				C889AA9BCE3BCA75CDDE54CD /* Network */,
			);
			path = Core;
			sourceTree = "<group>";
		};
		67E1A9D13BB990095252D199 /* Error */ = {
			isa = PBXGroup;
			children = (
				E098365BBBA105D187739634 /* AppError.swift */,
			);
			path = Error;
			sourceTree = "<group>";
		};
		77F2F3DC69BEA9B5C3D643E8 /* DI */ = {
			isa = PBXGroup;
			children = (
				0D2FC0B0006CC55F1ED21057 /* Container+Extensions.swift */,
			);
			path = DI;
			sourceTree = "<group>";
		};
		7E2EB9E4D8226887CDD7CC6D /* DI */ = {
			isa = PBXGroup;
			children = (
				61D34E52EA954DC323C74B89 /* ContainerTests.swift */,
			);
			path = DI;
			sourceTree = "<group>";
		};
		80209D7ED6963F50EE573551 /* Configuration */ = {
			isa = PBXGroup;
			children = (
				CA7E99A60235FAE3B592DCC5 /* Debug.xcconfig */,
				B72C477B1CBC8BE84E7DA113 /* Release.xcconfig */,
				BFD3C59EFB0693C71AD7236D /* Staging.xcconfig */,
			);
			path = Configuration;
			sourceTree = "<group>";
		};
		875705E9585232AE3040C907 = {
			isa = PBXGroup;
			children = (
				F857330082FBC775168B4253 /* MoltMarketplace */,
				05C0113A12BCC98DD76F262E /* MoltMarketplaceTests */,
				BFEDACE78FDBE48ADD4251E1 /* MoltMarketplaceUITests */,
				D1CB401E30FAB08CF487EF3E /* Products */,
			);
			sourceTree = "<group>";
		};
		9D89E1E4F4C90BD75DA9A588 /* Core */ = {
			isa = PBXGroup;
			children = (
				D1C84AC63CF2C6C517045B7B /* Auth */,
				11D59896679D2881EEC4E21E /* DesignSystem */,
				77F2F3DC69BEA9B5C3D643E8 /* DI */,
				31FA3F26A0126D3CF84CAE03 /* Domain */,
				10A0620D0CBD224B3D784328 /* Navigation */,
				050F3FBCDB7F139274662E42 /* Network */,
			);
			path = Core;
			sourceTree = "<group>";
		};
		B0ACD5FE22D8A63D002A0808 /* Component */ = {
			isa = PBXGroup;
			children = (
				36CB93AB3CE23EF49ABDC180 /* MoltBadgeTests.swift */,
				2E4B7AE544F06A5FA5847B63 /* MoltButtonTests.swift */,
				8367AC7D24C87D3EBFC40EDF /* MoltCardTests.swift */,
				C0FB89B4F158289374534389 /* MoltChipTests.swift */,
				9B2A50D0E55552F373D13F11 /* MoltEmptyViewTests.swift */,
				D275AC2ACBCA57A0C33897B9 /* MoltErrorViewTests.swift */,
				207C3B26963E82E5C81E0939 /* MoltImageTests.swift */,
				137C84B8F93548F60625C589 /* MoltLoadingViewTests.swift */,
				4C35827356B83FCB7EC6FABA /* MoltPriceTextTests.swift */,
				C21F3EEA62495CC62785AF1E /* MoltQuantityStepperTests.swift */,
				6E8E05034D1CB26C2561668A /* MoltRatingBarTests.swift */,
				AFF84CC2D9F865C565DDF340 /* MoltTabBarTests.swift */,
				A0A7CBF7721EFCEEC4DE8BFF /* MoltTextFieldTests.swift */,
				B59405CAA4EE85C548DFA5BD /* MoltTopBarTests.swift */,
			);
			path = Component;
			sourceTree = "<group>";
		};
		BFCE56F21B907B5A596C6887 /* Resources */ = {
			isa = PBXGroup;
			children = (
				2A6781E654FF35BC3A613C53 /* LocalizableTests.swift */,
			);
			path = Resources;
			sourceTree = "<group>";
		};
		BFEDACE78FDBE48ADD4251E1 /* MoltMarketplaceUITests */ = {
			isa = PBXGroup;
			children = (
				77364795F411A949687B29A5 /* .gitkeep */,
			);
			path = MoltMarketplaceUITests;
			sourceTree = "<group>";
		};
		C889AA9BCE3BCA75CDDE54CD /* Network */ = {
			isa = PBXGroup;
			children = (
				A24417FE03095A9796E9ADE6 /* APIClientAuthTests.swift */,
				1E8E5ABCA13A0028076B8EBB /* APIClientRequestTests.swift */,
				D75F4AB1EF70635DA2582E4B /* APIClientRetryTests.swift */,
				2D0825B67FCF99B51F85B49F /* AppErrorTests.swift */,
				E8DCD97E9BEEF8B1A0C6FDF3 /* AuthMiddlewareTests.swift */,
				1FF33FF33FB4EC6AEEB784EB /* EndpointTests.swift */,
				51C80DCDC395782C28BB77B0 /* JSONCodersTests.swift */,
				E84BF7AD098442A03975DB84 /* MedusaErrorDTOTests.swift */,
				D09A0E1480A554F945A275BE /* MockURLProtocol.swift */,
				380354B206493F3EDBE22D6B /* NetworkConfigTests.swift */,
				42B2A9DCBCB529FD0C63945D /* NetworkMonitorTests.swift */,
				479AEDFBC00D6216FC901B13 /* PaginatedResponseTests.swift */,
				EF3C4AD2AAC913FBA29659E7 /* RetryPolicyTests.swift */,
				543CF40C5DE1CBDE6F95C3A0 /* TokenProviderTests.swift */,
			);
			path = Network;
			sourceTree = "<group>";
		};
		CA7C4CB013D83F19D523D98F /* DesignSystem */ = {
			isa = PBXGroup;
			children = (
				B0ACD5FE22D8A63D002A0808 /* Component */,
				F4ACF29154D39A2605F8E00F /* Theme */,
			);
			path = DesignSystem;
			sourceTree = "<group>";
		};
		D1C84AC63CF2C6C517045B7B /* Auth */ = {
			isa = PBXGroup;
			children = (
				B5A5D6C64BBA1BED59A898F4 /* AuthEndpoint.swift */,
				7B8BAF091DC24C0728A66E76 /* AuthState.swift */,
				F5660DADA3C0F9D3C43E0144 /* AuthStateManager.swift */,
				3C04B6EEC622EFC28941A7C4 /* AuthStateManagerImpl.swift */,
				6E7D7F30449E832BB4D0EAB0 /* BiometricTokenStorage.swift */,
				08DD5AE3B5B22FE7BDCC9355 /* KeychainTokenStorage.swift */,
				C76430E04B06EFA2002685F4 /* SessionManager.swift */,
				555E8358851E4935F41B0CE9 /* TokenStorage.swift */,
				E569B347C380B564DC17273F /* DTO */,
			);
			path = Auth;
			sourceTree = "<group>";
		};
		D1CB401E30FAB08CF487EF3E /* Products */ = {
			isa = PBXGroup;
			children = (
				B050F57437DBFA131C516717 /* MoltMarketplace.app */,
				A46AEF10FAD31263E41A8F11 /* MoltMarketplaceTests.xctest */,
				417644A38F36C3BE6C3F9C13 /* MoltMarketplaceUITests.xctest */,
			);
			name = Products;
			sourceTree = "<group>";
		};
		E569B347C380B564DC17273F /* DTO */ = {
			isa = PBXGroup;
			children = (
				45B8E02D1523211225AFBBBA /* AuthTokenResponse.swift */,
				9773618D07782D6051910CDC /* LoginRequest.swift */,
				B080F5D5A8776DE6EE6CBCF4 /* RegisterRequest.swift */,
			);
			path = DTO;
			sourceTree = "<group>";
		};
		ECAB9977C258ECE7112A2333 /* Navigation */ = {
			isa = PBXGroup;
			children = (
				92E03D67F210A11F42FF4DBD /* AppRouterDeepLinkTests.swift */,
				72F6BF223FC75C43FF40431B /* AppRouterNavigationTests.swift */,
				F50F2A63DC7C376583279159 /* AppRouterStateTests.swift */,
				A394AB247A3AA5FFF29F0E0C /* DeepLinkParserTests.swift */,
				22E97CFB4756553EB57AB7E8 /* PlaceholderViewTests.swift */,
				897DE25ED094FD1F53CD9A6A /* RouteAuthTests.swift */,
				4CC4921A460584155B066BB4 /* RoutePropertyTests.swift */,
				D0311F008B3C58A3E0A41D0E /* TabTests.swift */,
			);
			path = Navigation;
			sourceTree = "<group>";
		};
		F4ACF29154D39A2605F8E00F /* Theme */ = {
			isa = PBXGroup;
			children = (
				033C2530E11CEC05274D49AF /* MoltColorsTests.swift */,
				ADE9D9EE3685E54EBA495A78 /* MoltCornerRadiusTests.swift */,
				0B589E821679E6540F1B7FEC /* MoltElevationTests.swift */,
				9C34D805C5146584F882BFC7 /* MoltSpacingTests.swift */,
			);
			path = Theme;
			sourceTree = "<group>";
		};
		F857330082FBC775168B4253 /* MoltMarketplace */ = {
			isa = PBXGroup;
			children = (
				40BE92AD0FA3B02AED5D7789 /* Config.swift */,
				2623857302B51F9203BBC5AE /* MoltMarketplaceApp.swift */,
				80209D7ED6963F50EE573551 /* Configuration */,
				9D89E1E4F4C90BD75DA9A588 /* Core */,
				48BA5F23D3179361D6DAF320 /* Resources */,
			);
			path = MoltMarketplace;
			sourceTree = "<group>";
		};
/* End PBXGroup section */

/* Begin PBXNativeTarget section */
		4E835DAFE43BAB3469B115D6 /* MoltMarketplaceUITests */ = {
			isa = PBXNativeTarget;
			buildConfigurationList = CBE938612DFD5FD176DC7872 /* Build configuration list for PBXNativeTarget "MoltMarketplaceUITests" */;
			buildPhases = (
				54C25D48845D4E29D0798F8B /* Sources */,
			);
			buildRules = (
			);
			dependencies = (
				54236EE2A2817A1E3F2D8A4E /* PBXTargetDependency */,
			);
			name = MoltMarketplaceUITests;
			packageProductDependencies = (
			);
			productName = MoltMarketplaceUITests;
			productReference = 417644A38F36C3BE6C3F9C13 /* MoltMarketplaceUITests.xctest */;
			productType = "com.apple.product-type.bundle.ui-testing";
		};
		C44DF55C82A688D89D255093 /* MoltMarketplaceTests */ = {
			isa = PBXNativeTarget;
			buildConfigurationList = E02913C4AE675F6BD6283789 /* Build configuration list for PBXNativeTarget "MoltMarketplaceTests" */;
			buildPhases = (
				DADAC911DD50A6D31447B72B /* Sources */,
				445907C2AA31D630304D74F8 /* Frameworks */,
			);
			buildRules = (
			);
			dependencies = (
				03084A87E6E6B792CF49E262 /* PBXTargetDependency */,
			);
			name = MoltMarketplaceTests;
			packageProductDependencies = (
				EBFF3A5B3E71ECA346D268F9 /* ViewInspector */,
				87D0C63AC8B95476F9595855 /* SnapshotTesting */,
			);
			productName = MoltMarketplaceTests;
			productReference = A46AEF10FAD31263E41A8F11 /* MoltMarketplaceTests.xctest */;
			productType = "com.apple.product-type.bundle.unit-test";
		};
		F1E0AD1D41173613957ACC94 /* MoltMarketplace */ = {
			isa = PBXNativeTarget;
			buildConfigurationList = 2D4AF1E59E9021C9CE6DC916 /* Build configuration list for PBXNativeTarget "MoltMarketplace" */;
			buildPhases = (
				5B9F3B518E065A5612C8D0FA /* Sources */,
				F7CB740748A24FE8FA99D5D2 /* Resources */,
				00BCFF93B07938DFCBDFD72B /* Frameworks */,
			);
			buildRules = (
			);
			dependencies = (
			);
			name = MoltMarketplace;
			packageProductDependencies = (
				52EEBFC5650EA0ACAEE1933E /* Factory */,
				FDB0E1E9B6E79B4520CFDD1E /* Nuke */,
				33657EACEEEB375E5D5FA417 /* NukeUI */,
				AE4565B462B9953D80DBFAED /* KeychainAccess */,
				5796C24228555A16CCF6A61D /* FirebaseAnalytics */,
				532FD11F3D3273FA6232FD55 /* FirebaseCrashlytics */,
				DAA71C964A252460F4727E25 /* FirebaseMessaging */,
				4B5AED23F7F0320BADB15E55 /* FirebaseRemoteConfig */,
				82D588A709AE3CBA15F476F1 /* Sentry */,
			);
			productName = MoltMarketplace;
			productReference = B050F57437DBFA131C516717 /* MoltMarketplace.app */;
			productType = "com.apple.product-type.application";
		};
/* End PBXNativeTarget section */

/* Begin PBXProject section */
		CD463566EF0DD0FCCEBCBCB6 /* Project object */ = {
			isa = PBXProject;
			attributes = {
				BuildIndependentTargetsInParallel = YES;
				LastUpgradeCheck = 1430;
				TargetAttributes = {
					4E835DAFE43BAB3469B115D6 = {
						TestTargetID = F1E0AD1D41173613957ACC94;
					};
				};
			};
			buildConfigurationList = DB8080607CF6F9581DE569BB /* Build configuration list for PBXProject "MoltMarketplace" */;
			compatibilityVersion = "Xcode 14.0";
			developmentRegion = en;
			hasScannedForEncodings = 0;
			knownRegions = (
				Base,
				en,
				mt,
				tr,
			);
			mainGroup = 875705E9585232AE3040C907;
			minimizedProjectReferenceProxies = 1;
			packageReferences = (
				F119AC2B4F57DCC743641308 /* XCRemoteSwiftPackageReference "Factory" */,
				E7C4A1A9BA745A0313B67997 /* XCRemoteSwiftPackageReference "firebase-ios-sdk" */,
				9270E96FB33BF78503182E2E /* XCRemoteSwiftPackageReference "KeychainAccess" */,
				BC44BAA7809D4BD76C655D56 /* XCRemoteSwiftPackageReference "Nuke" */,
				4010E74BDED9697B8A53079C /* XCRemoteSwiftPackageReference "sentry-cocoa" */,
				A13A85DD26B765AA49C3BE86 /* XCRemoteSwiftPackageReference "swift-snapshot-testing" */,
				14FD04FA8D7E8155F46AAC5F /* XCRemoteSwiftPackageReference "ViewInspector" */,
			);
			preferredProjectObjectVersion = 77;
			projectDirPath = "";
			projectRoot = "";
			targets = (
				F1E0AD1D41173613957ACC94 /* MoltMarketplace */,
				C44DF55C82A688D89D255093 /* MoltMarketplaceTests */,
				4E835DAFE43BAB3469B115D6 /* MoltMarketplaceUITests */,
			);
		};
/* End PBXProject section */

/* Begin PBXResourcesBuildPhase section */
		F7CB740748A24FE8FA99D5D2 /* Resources */ = {
			isa = PBXResourcesBuildPhase;
			buildActionMask = 2147483647;
			files = (
				D38AEF5817684527F2510486 /* Assets.xcassets in Resources */,
				1E26BC7183999147981657C8 /* Localizable.xcstrings in Resources */,
			);
			runOnlyForDeploymentPostprocessing = 0;
		};
/* End PBXResourcesBuildPhase section */

/* Begin PBXSourcesBuildPhase section */
		54C25D48845D4E29D0798F8B /* Sources */ = {
			isa = PBXSourcesBuildPhase;
			buildActionMask = 2147483647;
			files = (
			);
			runOnlyForDeploymentPostprocessing = 0;
		};
		5B9F3B518E065A5612C8D0FA /* Sources */ = {
			isa = PBXSourcesBuildPhase;
			buildActionMask = 2147483647;
			files = (
				47F6CF83DD154CE2EBC0543B /* APIClient.swift in Sources */,
				F546287CF92E4AE404B38BC1 /* AppError.swift in Sources */,
				90F3B525A515BF7FA65AA84C /* AppRouter.swift in Sources */,
				EB11EB0759854250411DC5D3 /* AuthEndpoint.swift in Sources */,
				E0024DAE5E1DB5F86D9BF89F /* AuthMiddleware.swift in Sources */,
				A0CB992F7356717F00AC7766 /* AuthState.swift in Sources */,
				55C27CE10C9D6E150CFA4216 /* AuthStateManager.swift in Sources */,
				EB5C2F646E44747EC39B57AE /* AuthStateManagerImpl.swift in Sources */,
				351948B93211F55E9C2A949F /* AuthTokenResponse.swift in Sources */,
				5DF52A98F821A4E4871C458C /* BiometricTokenStorage.swift in Sources */,
				E85544B3690E2D3D3A68A442 /* Config.swift in Sources */,
				04E47E886CF0913CC0092A4A /* Container+Extensions.swift in Sources */,
				528378B619B9F7144EAEF54B /* DeepLinkParser.swift in Sources */,
				E470B0A05D6A2F13FF378D42 /* Endpoint.swift in Sources */,
				9A6B12992ABEF717CA70BE9B /* HTTPMethod.swift in Sources */,
				600867F6DF557B31C1C69E9D /* JSONCoders.swift in Sources */,
				00FE8AEFC902F508A1B38F44 /* KeychainTokenStorage.swift in Sources */,
				5F70D64EE628C39FA1CB03E6 /* LoginRequest.swift in Sources */,
				BFF6172DCB03259B41B4A56A /* MainTabView.swift in Sources */,
				5F343A095F070928509833A3 /* MedusaErrorDTO.swift in Sources */,
				F15E0A7AAD9B55CFEC7535B9 /* MoltBadge.swift in Sources */,
				8BF63E4DAF30BFB52AF31CA3 /* MoltButton.swift in Sources */,
				746099AF4C0A37501C47EC83 /* MoltCard.swift in Sources */,
				2E64D65D2C5C07CC103AB4BD /* MoltChip.swift in Sources */,
				BBC56E84E169A6E4BA9D7EA3 /* MoltColors.swift in Sources */,
				D8D8CE2372A08A50DB72F67A /* MoltCornerRadius.swift in Sources */,
				48C6B6D6C07A425116A319DB /* MoltElevation.swift in Sources */,
				70C48DF7342D24660EE62817 /* MoltEmptyView.swift in Sources */,
				2856784F88B3ABCC1499B947 /* MoltErrorView.swift in Sources */,
				4A7587D524FBE198EC211BB7 /* MoltImage.swift in Sources */,
				4B7AC2C5D8BF34749EE9C617 /* MoltLoadingView.swift in Sources */,
				9188999C41BBA12EC12CDFBB /* MoltMarketplaceApp.swift in Sources */,
				BDCC21DADF4A12BC30557BED /* MoltPriceText.swift in Sources */,
				41E203CA4ACD4858D18CC8FF /* MoltQuantityStepper.swift in Sources */,
				CF29208B560993D4771FF59F /* MoltRatingBar.swift in Sources */,
				DD8336A1956DE506D700D08C /* MoltSpacing.swift in Sources */,
				784BD787975D5504D7D07F51 /* MoltTabBar.swift in Sources */,
				EA5F0D8ED3F7BDFA0ECD8EB6 /* MoltTextField.swift in Sources */,
				4E52E9ABD5FFCE40DBBB07C7 /* MoltTheme.swift in Sources */,
				3CF2DE5D87D211071AF3EAA5 /* MoltTopBar.swift in Sources */,
				B28106C551A9DDDB59AFF2E2 /* MoltTypography.swift in Sources */,
				93CF53086116F76D70A69222 /* NavigationDestinationModifier.swift in Sources */,
				932A2E3A7C540B7EFC62D0C2 /* NetworkConfig.swift in Sources */,
				3D7E2443750FDDFF1E75FB6A /* NetworkMonitor.swift in Sources */,
				7D9396D564F07A9852AD29BC /* PaginatedResponse.swift in Sources */,
				66F1F8B90A6F745FD3E01C31 /* PlaceholderView.swift in Sources */,
				9BE529B71D95243C0429B683 /* RegisterRequest.swift in Sources */,
				4068F24A9F6947F3FF37563F /* RequestLogger.swift in Sources */,
				36A7D5C0C0B9A73FDE730D2B /* RetryPolicy.swift in Sources */,
				6FCEEF7829DDA5077C0AAC5F /* Route.swift in Sources */,
				44A83862A0AB8C421F64A2F5 /* RouteView.swift in Sources */,
				944DFE30E35399EABD9346CF /* SessionManager.swift in Sources */,
				0D935FC51E1349997ECD01F7 /* Tab.swift in Sources */,
				C8BF8CA46696CB8F1036E6F1 /* TokenProvider.swift in Sources */,
				43D0EAAAC64517E6E5308593 /* TokenStorage.swift in Sources */,
			);
			runOnlyForDeploymentPostprocessing = 0;
		};
		DADAC911DD50A6D31447B72B /* Sources */ = {
			isa = PBXSourcesBuildPhase;
			buildActionMask = 2147483647;
			files = (
				552C13056EF633B467DA4EB4 /* APIClientRequestTests.swift in Sources */,
				E5BD1ADC840E017006EC8C3F /* APIClientRetryTests.swift in Sources */,
				4D1D4F6C3AE148B18CD56DCE /* APIClientAuthTests.swift in Sources */,
				1F08419AA4629196765E97C5 /* AppErrorTests.swift in Sources */,
				7CBC272BC38D7D384FC87A51 /* AppRouterDeepLinkTests.swift in Sources */,
				AB8A6E6630AAC4B692C31E78 /* AppRouterNavigationTests.swift in Sources */,
				F528989280188D39FC389C8F /* AppRouterStateTests.swift in Sources */,
				AFAA7AA79865A2114D52CEAA /* ArchitectureTests.swift in Sources */,
				1008984D38E1A6167D499739 /* AuthEndpointTests.swift in Sources */,
				245DFD38BA4FA75CB95522AB /* AuthMiddlewareTests.swift in Sources */,
				61C3FE04A847F7D477DF8A43 /* AuthStateManagerTests.swift in Sources */,
				D7505BCDC605DF17BE937EDC /* ConfigTests.swift in Sources */,
				24FECBB921EE48A96A42C7F3 /* ContainerTests.swift in Sources */,
				F9B5AF7E3CD3698C5DB86D39 /* DeepLinkParserTests.swift in Sources */,
				BB04CFC8AC8CF03841B7CD22 /* EndpointTests.swift in Sources */,
				8C762F9D02CB9D9F58C2C4BB /* FakeTokenStorage.swift in Sources */,
				BC6817AF50B36BAB2E98C4EA /* JSONCodersTests.swift in Sources */,
				60BE49E8B598321EAA6767EA /* LocalizableTests.swift in Sources */,
				2BBFC6C194BE07B8550532C2 /* MedusaErrorDTOTests.swift in Sources */,
				B4676D7F953FFB878F27E9B6 /* MockURLProtocol.swift in Sources */,
				B129DA10DF9CEEF1AB318753 /* MoltBadgeTests.swift in Sources */,
				2D993ACECCE086FD063CEF3C /* MoltButtonTests.swift in Sources */,
				113585DB5149248ECE991BE2 /* MoltCardTests.swift in Sources */,
				A2CA905DCE676FA4BC333C79 /* MoltChipTests.swift in Sources */,
				93CA5CAD99AD0B2C592476F7 /* MoltColorsTests.swift in Sources */,
				EC06EC9348341A91BC275CC9 /* MoltCornerRadiusTests.swift in Sources */,
				D65F68A19866080BB0FFECDA /* MoltElevationTests.swift in Sources */,
				904A98ACF5D38F5F431E8E2C /* MoltEmptyViewTests.swift in Sources */,
				E7A0B15ABD5B1911796137F4 /* MoltErrorViewTests.swift in Sources */,
				B3FFC81A791EAAFC083A0BE6 /* MoltImageTests.swift in Sources */,
				92F08C5B2E3313AE75E4908B /* MoltLoadingViewTests.swift in Sources */,
				C25F946ABEB27E6E84FED717 /* MoltPriceTextTests.swift in Sources */,
				ADAC518F1B809EA3F9B0718C /* MoltQuantityStepperTests.swift in Sources */,
				34FAE17D429F8539F5F56E5B /* MoltRatingBarTests.swift in Sources */,
				B690D39A246540F32379063E /* MoltSpacingTests.swift in Sources */,
				8D9BDF928BD8FD45A005FCD9 /* MoltTabBarTests.swift in Sources */,
				10A8D2831BD4D4D132160637 /* MoltTextFieldTests.swift in Sources */,
				13E8D235792CC1BC9C7DBF51 /* MoltTopBarTests.swift in Sources */,
				9248765104D3F7552727AA21 /* NetworkConfigTests.swift in Sources */,
				51BE439B9FE855372DA3A893 /* NetworkMonitorTests.swift in Sources */,
				5644A9BF0B1ED1A7CAECE0EE /* PaginatedResponseTests.swift in Sources */,
				6948B56CAD17B3711D93C2AB /* PlaceholderViewTests.swift in Sources */,
				43C1A9A65312CF95DF058800 /* RetryPolicyTests.swift in Sources */,
				0AC10E2DBA6FE0AA2473E48C /* RouteAuthTests.swift in Sources */,
				752DB3CAFB4D85EFA505E559 /* RoutePropertyTests.swift in Sources */,
				104E4EBBB9C3700F057B830C /* SessionManagerTests.swift in Sources */,
				C89A1E2088B67793A52C3F8E /* TabTests.swift in Sources */,
				8BD1BEE7E7126D835ED5D823 /* TokenProviderTests.swift in Sources */,
				491A67A113A795EC7360082A /* TokenStorageTests.swift in Sources */,
			);
			runOnlyForDeploymentPostprocessing = 0;
		};
/* End PBXSourcesBuildPhase section */

/* Begin PBXTargetDependency section */
		03084A87E6E6B792CF49E262 /* PBXTargetDependency */ = {
			isa = PBXTargetDependency;
			target = F1E0AD1D41173613957ACC94 /* MoltMarketplace */;
			targetProxy = 67CFF3BE0950BFD533239863 /* PBXContainerItemProxy */;
		};
		54236EE2A2817A1E3F2D8A4E /* PBXTargetDependency */ = {
			isa = PBXTargetDependency;
			target = F1E0AD1D41173613957ACC94 /* MoltMarketplace */;
			targetProxy = 1F5CE27971CB7A61324A963C /* PBXContainerItemProxy */;
		};
/* End PBXTargetDependency section */

/* Begin XCBuildConfiguration section */
		382A3826F9D709864CB25450 /* Debug */ = {
			isa = XCBuildConfiguration;
			baseConfigurationReference = CA7E99A60235FAE3B592DCC5 /* Debug.xcconfig */;
			buildSettings = {
				ALWAYS_SEARCH_USER_PATHS = NO;
				CLANG_ANALYZER_NONNULL = YES;
				CLANG_ANALYZER_NUMBER_OBJECT_CONVERSION = YES_AGGRESSIVE;
				CLANG_CXX_LANGUAGE_STANDARD = "gnu++14";
				CLANG_CXX_LIBRARY = "libc++";
				CLANG_ENABLE_MODULES = YES;
				CLANG_ENABLE_OBJC_ARC = YES;
				CLANG_ENABLE_OBJC_WEAK = YES;
				CLANG_WARN_BLOCK_CAPTURE_AUTORELEASING = YES;
				CLANG_WARN_BOOL_CONVERSION = YES;
				CLANG_WARN_COMMA = YES;
				CLANG_WARN_CONSTANT_CONVERSION = YES;
				CLANG_WARN_DEPRECATED_OBJC_IMPLEMENTATIONS = YES;
				CLANG_WARN_DIRECT_OBJC_ISA_USAGE = YES_ERROR;
				CLANG_WARN_DOCUMENTATION_COMMENTS = YES;
				CLANG_WARN_EMPTY_BODY = YES;
				CLANG_WARN_ENUM_CONVERSION = YES;
				CLANG_WARN_INFINITE_RECURSION = YES;
				CLANG_WARN_INT_CONVERSION = YES;
				CLANG_WARN_NON_LITERAL_NULL_CONVERSION = YES;
				CLANG_WARN_OBJC_IMPLICIT_RETAIN_SELF = YES;
				CLANG_WARN_OBJC_LITERAL_CONVERSION = YES;
				CLANG_WARN_OBJC_ROOT_CLASS = YES_ERROR;
				CLANG_WARN_QUOTED_INCLUDE_IN_FRAMEWORK_HEADER = YES;
				CLANG_WARN_RANGE_LOOP_ANALYSIS = YES;
				CLANG_WARN_STRICT_PROTOTYPES = YES;
				CLANG_WARN_SUSPICIOUS_MOVE = YES;
				CLANG_WARN_UNGUARDED_AVAILABILITY = YES_AGGRESSIVE;
				CLANG_WARN_UNREACHABLE_CODE = YES;
				CLANG_WARN__DUPLICATE_METHOD_MATCH = YES;
				COPY_PHASE_STRIP = NO;
				DEBUG_INFORMATION_FORMAT = dwarf;
				ENABLE_STRICT_OBJC_MSGSEND = YES;
				ENABLE_TESTABILITY = YES;
				ENABLE_USER_SCRIPT_SANDBOXING = NO;
				GCC_C_LANGUAGE_STANDARD = gnu11;
				GCC_DYNAMIC_NO_PIC = NO;
				GCC_NO_COMMON_BLOCKS = YES;
				GCC_OPTIMIZATION_LEVEL = 0;
				GCC_PREPROCESSOR_DEFINITIONS = (
					"$(inherited)",
					"DEBUG=1",
				);
				GCC_WARN_64_TO_32_BIT_CONVERSION = YES;
				GCC_WARN_ABOUT_RETURN_TYPE = YES_ERROR;
				GCC_WARN_UNDECLARED_SELECTOR = YES;
				GCC_WARN_UNINITIALIZED_AUTOS = YES_AGGRESSIVE;
				GCC_WARN_UNUSED_FUNCTION = YES;
				GCC_WARN_UNUSED_VARIABLE = YES;
				IPHONEOS_DEPLOYMENT_TARGET = 17.0;
				MTL_ENABLE_DEBUG_INFO = INCLUDE_SOURCE;
				MTL_FAST_MATH = YES;
				ONLY_ACTIVE_ARCH = YES;
				PRODUCT_NAME = "$(TARGET_NAME)";
				SDKROOT = iphoneos;
				SWIFT_OPTIMIZATION_LEVEL = "-Onone";
				SWIFT_STRICT_CONCURRENCY = complete;
				SWIFT_VERSION = 6.0;
				TARGETED_DEVICE_FAMILY = "1,2";
			};
			name = Debug;
		};
		3B3A34390F82C58C8C95C04B /* Release */ = {
			isa = XCBuildConfiguration;
			baseConfigurationReference = B72C477B1CBC8BE84E7DA113 /* Release.xcconfig */;
			buildSettings = {
				ALWAYS_SEARCH_USER_PATHS = NO;
				CLANG_ANALYZER_NONNULL = YES;
				CLANG_ANALYZER_NUMBER_OBJECT_CONVERSION = YES_AGGRESSIVE;
				CLANG_CXX_LANGUAGE_STANDARD = "gnu++14";
				CLANG_CXX_LIBRARY = "libc++";
				CLANG_ENABLE_MODULES = YES;
				CLANG_ENABLE_OBJC_ARC = YES;
				CLANG_ENABLE_OBJC_WEAK = YES;
				CLANG_WARN_BLOCK_CAPTURE_AUTORELEASING = YES;
				CLANG_WARN_BOOL_CONVERSION = YES;
				CLANG_WARN_COMMA = YES;
				CLANG_WARN_CONSTANT_CONVERSION = YES;
				CLANG_WARN_DEPRECATED_OBJC_IMPLEMENTATIONS = YES;
				CLANG_WARN_DIRECT_OBJC_ISA_USAGE = YES_ERROR;
				CLANG_WARN_DOCUMENTATION_COMMENTS = YES;
				CLANG_WARN_EMPTY_BODY = YES;
				CLANG_WARN_ENUM_CONVERSION = YES;
				CLANG_WARN_INFINITE_RECURSION = YES;
				CLANG_WARN_INT_CONVERSION = YES;
				CLANG_WARN_NON_LITERAL_NULL_CONVERSION = YES;
				CLANG_WARN_OBJC_IMPLICIT_RETAIN_SELF = YES;
				CLANG_WARN_OBJC_LITERAL_CONVERSION = YES;
				CLANG_WARN_OBJC_ROOT_CLASS = YES_ERROR;
				CLANG_WARN_QUOTED_INCLUDE_IN_FRAMEWORK_HEADER = YES;
				CLANG_WARN_RANGE_LOOP_ANALYSIS = YES;
				CLANG_WARN_STRICT_PROTOTYPES = YES;
				CLANG_WARN_SUSPICIOUS_MOVE = YES;
				CLANG_WARN_UNGUARDED_AVAILABILITY = YES_AGGRESSIVE;
				CLANG_WARN_UNREACHABLE_CODE = YES;
				CLANG_WARN__DUPLICATE_METHOD_MATCH = YES;
				COPY_PHASE_STRIP = NO;
				DEBUG_INFORMATION_FORMAT = "dwarf-with-dsym";
				ENABLE_NS_ASSERTIONS = NO;
				ENABLE_STRICT_OBJC_MSGSEND = YES;
				ENABLE_USER_SCRIPT_SANDBOXING = NO;
				GCC_C_LANGUAGE_STANDARD = gnu11;
				GCC_NO_COMMON_BLOCKS = YES;
				GCC_WARN_64_TO_32_BIT_CONVERSION = YES;
				GCC_WARN_ABOUT_RETURN_TYPE = YES_ERROR;
				GCC_WARN_UNDECLARED_SELECTOR = YES;
				GCC_WARN_UNINITIALIZED_AUTOS = YES_AGGRESSIVE;
				GCC_WARN_UNUSED_FUNCTION = YES;
				GCC_WARN_UNUSED_VARIABLE = YES;
				IPHONEOS_DEPLOYMENT_TARGET = 17.0;
				MTL_ENABLE_DEBUG_INFO = NO;
				MTL_FAST_MATH = YES;
				PRODUCT_NAME = "$(TARGET_NAME)";
				SDKROOT = iphoneos;
				SWIFT_COMPILATION_MODE = wholemodule;
				SWIFT_OPTIMIZATION_LEVEL = "-O";
				SWIFT_STRICT_CONCURRENCY = complete;
				SWIFT_VERSION = 6.0;
				TARGETED_DEVICE_FAMILY = "1,2";
			};
			name = Release;
		};
		3EA6F0D1A796D0A4AD8E8283 /* Staging */ = {
			isa = XCBuildConfiguration;
			buildSettings = {
				BUNDLE_LOADER = "$(TEST_HOST)";
				GENERATE_INFOPLIST_FILE = YES;
				LD_RUNPATH_SEARCH_PATHS = (
					"$(inherited)",
					"@executable_path/Frameworks",
					"@loader_path/Frameworks",
				);
				PRODUCT_BUNDLE_IDENTIFIER = com.molt.marketplace.tests;
				SDKROOT = iphoneos;
				TARGETED_DEVICE_FAMILY = "1,2";
				TEST_HOST = "$(BUILT_PRODUCTS_DIR)/MoltMarketplace.app/MoltMarketplace";
			};
			name = Staging;
		};
		55C7377C80C817F6B7D30166 /* Debug */ = {
			isa = XCBuildConfiguration;
			buildSettings = {
				BUNDLE_LOADER = "$(TEST_HOST)";
				GENERATE_INFOPLIST_FILE = YES;
				LD_RUNPATH_SEARCH_PATHS = (
					"$(inherited)",
					"@executable_path/Frameworks",
					"@loader_path/Frameworks",
				);
				PRODUCT_BUNDLE_IDENTIFIER = com.molt.marketplace.uitests;
				SDKROOT = iphoneos;
				TARGETED_DEVICE_FAMILY = "1,2";
				TEST_TARGET_NAME = MoltMarketplace;
			};
			name = Debug;
		};
		5F4D721432AC3A2614E437F9 /* Staging */ = {
			isa = XCBuildConfiguration;
			buildSettings = {
				ASSETCATALOG_COMPILER_APPICON_NAME = AppIcon;
				ASSETCATALOG_COMPILER_GLOBAL_ACCENT_COLOR_NAME = AccentColor;
				CODE_SIGN_IDENTITY = "iPhone Developer";
				CURRENT_PROJECT_VERSION = 1;
				DEVELOPMENT_ASSET_PATHS = "";
				ENABLE_PREVIEWS = YES;
				INFOPLIST_FILE = MoltMarketplace/Resources/Info.plist;
				INFOPLIST_KEY_UIApplicationSceneManifest_Generation = YES;
				INFOPLIST_KEY_UIApplicationSupportsIndirectInputEvents = YES;
				INFOPLIST_KEY_UILaunchScreen_Generation = YES;
				INFOPLIST_KEY_UISupportedInterfaceOrientations = UIInterfaceOrientationPortrait;
				INFOPLIST_KEY_UISupportedInterfaceOrientations_iPad = "UIInterfaceOrientationPortrait UIInterfaceOrientationPortraitUpsideDown UIInterfaceOrientationLandscapeLeft UIInterfaceOrientationLandscapeRight";
				LD_RUNPATH_SEARCH_PATHS = (
					"$(inherited)",
					"@executable_path/Frameworks",
				);
				MARKETING_VERSION = 1.0.0;
				PRODUCT_BUNDLE_IDENTIFIER = "$(PRODUCT_BUNDLE_IDENTIFIER)";
				PRODUCT_NAME = MoltMarketplace;
				SDKROOT = iphoneos;
				TARGETED_DEVICE_FAMILY = "1,2";
			};
			name = Staging;
		};
		7E81E798CAFEC18386CA9EBE /* Release */ = {
			isa = XCBuildConfiguration;
			buildSettings = {
				ASSETCATALOG_COMPILER_APPICON_NAME = AppIcon;
				ASSETCATALOG_COMPILER_GLOBAL_ACCENT_COLOR_NAME = AccentColor;
				CODE_SIGN_IDENTITY = "iPhone Developer";
				CURRENT_PROJECT_VERSION = 1;
				DEVELOPMENT_ASSET_PATHS = "";
				ENABLE_PREVIEWS = YES;
				INFOPLIST_FILE = MoltMarketplace/Resources/Info.plist;
				INFOPLIST_KEY_UIApplicationSceneManifest_Generation = YES;
				INFOPLIST_KEY_UIApplicationSupportsIndirectInputEvents = YES;
				INFOPLIST_KEY_UILaunchScreen_Generation = YES;
				INFOPLIST_KEY_UISupportedInterfaceOrientations = UIInterfaceOrientationPortrait;
				INFOPLIST_KEY_UISupportedInterfaceOrientations_iPad = "UIInterfaceOrientationPortrait UIInterfaceOrientationPortraitUpsideDown UIInterfaceOrientationLandscapeLeft UIInterfaceOrientationLandscapeRight";
				LD_RUNPATH_SEARCH_PATHS = (
					"$(inherited)",
					"@executable_path/Frameworks",
				);
				MARKETING_VERSION = 1.0.0;
				PRODUCT_BUNDLE_IDENTIFIER = "$(PRODUCT_BUNDLE_IDENTIFIER)";
				PRODUCT_NAME = MoltMarketplace;
				SDKROOT = iphoneos;
				TARGETED_DEVICE_FAMILY = "1,2";
			};
			name = Release;
		};
		850D2D7F45BE9919F800C483 /* Debug */ = {
			isa = XCBuildConfiguration;
			buildSettings = {
				BUNDLE_LOADER = "$(TEST_HOST)";
				GENERATE_INFOPLIST_FILE = YES;
				LD_RUNPATH_SEARCH_PATHS = (
					"$(inherited)",
					"@executable_path/Frameworks",
					"@loader_path/Frameworks",
				);
				PRODUCT_BUNDLE_IDENTIFIER = com.molt.marketplace.tests;
				SDKROOT = iphoneos;
				TARGETED_DEVICE_FAMILY = "1,2";
				TEST_HOST = "$(BUILT_PRODUCTS_DIR)/MoltMarketplace.app/MoltMarketplace";
			};
			name = Debug;
		};
		B90C13E890EE988CA43A836F /* Debug */ = {
			isa = XCBuildConfiguration;
			buildSettings = {
				ASSETCATALOG_COMPILER_APPICON_NAME = AppIcon;
				ASSETCATALOG_COMPILER_GLOBAL_ACCENT_COLOR_NAME = AccentColor;
				CODE_SIGN_IDENTITY = "iPhone Developer";
				CURRENT_PROJECT_VERSION = 1;
				DEVELOPMENT_ASSET_PATHS = "";
				ENABLE_PREVIEWS = YES;
				INFOPLIST_FILE = MoltMarketplace/Resources/Info.plist;
				INFOPLIST_KEY_UIApplicationSceneManifest_Generation = YES;
				INFOPLIST_KEY_UIApplicationSupportsIndirectInputEvents = YES;
				INFOPLIST_KEY_UILaunchScreen_Generation = YES;
				INFOPLIST_KEY_UISupportedInterfaceOrientations = UIInterfaceOrientationPortrait;
				INFOPLIST_KEY_UISupportedInterfaceOrientations_iPad = "UIInterfaceOrientationPortrait UIInterfaceOrientationPortraitUpsideDown UIInterfaceOrientationLandscapeLeft UIInterfaceOrientationLandscapeRight";
				LD_RUNPATH_SEARCH_PATHS = (
					"$(inherited)",
					"@executable_path/Frameworks",
				);
				MARKETING_VERSION = 1.0.0;
				PRODUCT_BUNDLE_IDENTIFIER = "$(PRODUCT_BUNDLE_IDENTIFIER)";
				PRODUCT_NAME = MoltMarketplace;
				SDKROOT = iphoneos;
				TARGETED_DEVICE_FAMILY = "1,2";
			};
			name = Debug;
		};
		BEAB6F0338117DDC0B3898CE /* Staging */ = {
			isa = XCBuildConfiguration;
			buildSettings = {
				BUNDLE_LOADER = "$(TEST_HOST)";
				GENERATE_INFOPLIST_FILE = YES;
				LD_RUNPATH_SEARCH_PATHS = (
					"$(inherited)",
					"@executable_path/Frameworks",
					"@loader_path/Frameworks",
				);
				PRODUCT_BUNDLE_IDENTIFIER = com.molt.marketplace.uitests;
				SDKROOT = iphoneos;
				TARGETED_DEVICE_FAMILY = "1,2";
				TEST_TARGET_NAME = MoltMarketplace;
			};
			name = Staging;
		};
		C2971C06FFC6E8547B9BD235 /* Release */ = {
			isa = XCBuildConfiguration;
			buildSettings = {
				BUNDLE_LOADER = "$(TEST_HOST)";
				GENERATE_INFOPLIST_FILE = YES;
				LD_RUNPATH_SEARCH_PATHS = (
					"$(inherited)",
					"@executable_path/Frameworks",
					"@loader_path/Frameworks",
				);
				PRODUCT_BUNDLE_IDENTIFIER = com.molt.marketplace.uitests;
				SDKROOT = iphoneos;
				TARGETED_DEVICE_FAMILY = "1,2";
				TEST_TARGET_NAME = MoltMarketplace;
			};
			name = Release;
		};
		D9A49EF706DF0E3B838E8F64 /* Release */ = {
			isa = XCBuildConfiguration;
			buildSettings = {
				BUNDLE_LOADER = "$(TEST_HOST)";
				GENERATE_INFOPLIST_FILE = YES;
				LD_RUNPATH_SEARCH_PATHS = (
					"$(inherited)",
					"@executable_path/Frameworks",
					"@loader_path/Frameworks",
				);
				PRODUCT_BUNDLE_IDENTIFIER = com.molt.marketplace.tests;
				SDKROOT = iphoneos;
				TARGETED_DEVICE_FAMILY = "1,2";
				TEST_HOST = "$(BUILT_PRODUCTS_DIR)/MoltMarketplace.app/MoltMarketplace";
			};
			name = Release;
		};
		DF64D8F870568347A0F880C6 /* Staging */ = {
			isa = XCBuildConfiguration;
			baseConfigurationReference = BFD3C59EFB0693C71AD7236D /* Staging.xcconfig */;
			buildSettings = {
				ALWAYS_SEARCH_USER_PATHS = NO;
				CLANG_ANALYZER_NONNULL = YES;
				CLANG_ANALYZER_NUMBER_OBJECT_CONVERSION = YES_AGGRESSIVE;
				CLANG_CXX_LANGUAGE_STANDARD = "gnu++14";
				CLANG_CXX_LIBRARY = "libc++";
				CLANG_ENABLE_MODULES = YES;
				CLANG_ENABLE_OBJC_ARC = YES;
				CLANG_ENABLE_OBJC_WEAK = YES;
				CLANG_WARN_BLOCK_CAPTURE_AUTORELEASING = YES;
				CLANG_WARN_BOOL_CONVERSION = YES;
				CLANG_WARN_COMMA = YES;
				CLANG_WARN_CONSTANT_CONVERSION = YES;
				CLANG_WARN_DEPRECATED_OBJC_IMPLEMENTATIONS = YES;
				CLANG_WARN_DIRECT_OBJC_ISA_USAGE = YES_ERROR;
				CLANG_WARN_DOCUMENTATION_COMMENTS = YES;
				CLANG_WARN_EMPTY_BODY = YES;
				CLANG_WARN_ENUM_CONVERSION = YES;
				CLANG_WARN_INFINITE_RECURSION = YES;
				CLANG_WARN_INT_CONVERSION = YES;
				CLANG_WARN_NON_LITERAL_NULL_CONVERSION = YES;
				CLANG_WARN_OBJC_IMPLICIT_RETAIN_SELF = YES;
				CLANG_WARN_OBJC_LITERAL_CONVERSION = YES;
				CLANG_WARN_OBJC_ROOT_CLASS = YES_ERROR;
				CLANG_WARN_QUOTED_INCLUDE_IN_FRAMEWORK_HEADER = YES;
				CLANG_WARN_RANGE_LOOP_ANALYSIS = YES;
				CLANG_WARN_STRICT_PROTOTYPES = YES;
				CLANG_WARN_SUSPICIOUS_MOVE = YES;
				CLANG_WARN_UNGUARDED_AVAILABILITY = YES_AGGRESSIVE;
				CLANG_WARN_UNREACHABLE_CODE = YES;
				CLANG_WARN__DUPLICATE_METHOD_MATCH = YES;
				COPY_PHASE_STRIP = NO;
				DEBUG_INFORMATION_FORMAT = "dwarf-with-dsym";
				ENABLE_NS_ASSERTIONS = NO;
				ENABLE_STRICT_OBJC_MSGSEND = YES;
				ENABLE_USER_SCRIPT_SANDBOXING = NO;
				GCC_C_LANGUAGE_STANDARD = gnu11;
				GCC_NO_COMMON_BLOCKS = YES;
				GCC_WARN_64_TO_32_BIT_CONVERSION = YES;
				GCC_WARN_ABOUT_RETURN_TYPE = YES_ERROR;
				GCC_WARN_UNDECLARED_SELECTOR = YES;
				GCC_WARN_UNINITIALIZED_AUTOS = YES_AGGRESSIVE;
				GCC_WARN_UNUSED_FUNCTION = YES;
				GCC_WARN_UNUSED_VARIABLE = YES;
				IPHONEOS_DEPLOYMENT_TARGET = 17.0;
				MTL_ENABLE_DEBUG_INFO = NO;
				MTL_FAST_MATH = YES;
				PRODUCT_NAME = "$(TARGET_NAME)";
				SDKROOT = iphoneos;
				SWIFT_COMPILATION_MODE = wholemodule;
				SWIFT_OPTIMIZATION_LEVEL = "-O";
				SWIFT_STRICT_CONCURRENCY = complete;
				SWIFT_VERSION = 6.0;
				TARGETED_DEVICE_FAMILY = "1,2";
			};
			name = Staging;
		};
/* End XCBuildConfiguration section */

/* Begin XCConfigurationList section */
		2D4AF1E59E9021C9CE6DC916 /* Build configuration list for PBXNativeTarget "MoltMarketplace" */ = {
			isa = XCConfigurationList;
			buildConfigurations = (
				B90C13E890EE988CA43A836F /* Debug */,
				7E81E798CAFEC18386CA9EBE /* Release */,
				5F4D721432AC3A2614E437F9 /* Staging */,
			);
			defaultConfigurationIsVisible = 0;
			defaultConfigurationName = Debug;
		};
		CBE938612DFD5FD176DC7872 /* Build configuration list for PBXNativeTarget "MoltMarketplaceUITests" */ = {
			isa = XCConfigurationList;
			buildConfigurations = (
				55C7377C80C817F6B7D30166 /* Debug */,
				C2971C06FFC6E8547B9BD235 /* Release */,
				BEAB6F0338117DDC0B3898CE /* Staging */,
			);
			defaultConfigurationIsVisible = 0;
			defaultConfigurationName = Debug;
		};
		DB8080607CF6F9581DE569BB /* Build configuration list for PBXProject "MoltMarketplace" */ = {
			isa = XCConfigurationList;
			buildConfigurations = (
				382A3826F9D709864CB25450 /* Debug */,
				3B3A34390F82C58C8C95C04B /* Release */,
				DF64D8F870568347A0F880C6 /* Staging */,
			);
			defaultConfigurationIsVisible = 0;
			defaultConfigurationName = Debug;
		};
		E02913C4AE675F6BD6283789 /* Build configuration list for PBXNativeTarget "MoltMarketplaceTests" */ = {
			isa = XCConfigurationList;
			buildConfigurations = (
				850D2D7F45BE9919F800C483 /* Debug */,
				D9A49EF706DF0E3B838E8F64 /* Release */,
				3EA6F0D1A796D0A4AD8E8283 /* Staging */,
			);
			defaultConfigurationIsVisible = 0;
			defaultConfigurationName = Debug;
		};
/* End XCConfigurationList section */

/* Begin XCRemoteSwiftPackageReference section */
		14FD04FA8D7E8155F46AAC5F /* XCRemoteSwiftPackageReference "ViewInspector" */ = {
			isa = XCRemoteSwiftPackageReference;
			repositoryURL = "https://github.com/nalexn/ViewInspector";
			requirement = {
				kind = upToNextMajorVersion;
				minimumVersion = 0.10.0;
			};
		};
		4010E74BDED9697B8A53079C /* XCRemoteSwiftPackageReference "sentry-cocoa" */ = {
			isa = XCRemoteSwiftPackageReference;
			repositoryURL = "https://github.com/getsentry/sentry-cocoa";
			requirement = {
				kind = upToNextMajorVersion;
				minimumVersion = 8.40.0;
			};
		};
		9270E96FB33BF78503182E2E /* XCRemoteSwiftPackageReference "KeychainAccess" */ = {
			isa = XCRemoteSwiftPackageReference;
			repositoryURL = "https://github.com/kishikawakatsumi/KeychainAccess";
			requirement = {
				kind = upToNextMajorVersion;
				minimumVersion = 4.2.2;
			};
		};
		A13A85DD26B765AA49C3BE86 /* XCRemoteSwiftPackageReference "swift-snapshot-testing" */ = {
			isa = XCRemoteSwiftPackageReference;
			repositoryURL = "https://github.com/pointfreeco/swift-snapshot-testing";
			requirement = {
				kind = upToNextMajorVersion;
				minimumVersion = 1.17.0;
			};
		};
		BC44BAA7809D4BD76C655D56 /* XCRemoteSwiftPackageReference "Nuke" */ = {
			isa = XCRemoteSwiftPackageReference;
			repositoryURL = "https://github.com/kean/Nuke";
			requirement = {
				kind = upToNextMajorVersion;
				minimumVersion = 12.8.0;
			};
		};
		E7C4A1A9BA745A0313B67997 /* XCRemoteSwiftPackageReference "firebase-ios-sdk" */ = {
			isa = XCRemoteSwiftPackageReference;
			repositoryURL = "https://github.com/firebase/firebase-ios-sdk";
			requirement = {
				kind = upToNextMajorVersion;
				minimumVersion = 11.7.0;
			};
		};
		F119AC2B4F57DCC743641308 /* XCRemoteSwiftPackageReference "Factory" */ = {
			isa = XCRemoteSwiftPackageReference;
			repositoryURL = "https://github.com/hmlongco/Factory";
			requirement = {
				kind = upToNextMajorVersion;
				minimumVersion = 2.4.0;
			};
		};
/* End XCRemoteSwiftPackageReference section */

/* Begin XCSwiftPackageProductDependency section */
		33657EACEEEB375E5D5FA417 /* NukeUI */ = {
			isa = XCSwiftPackageProductDependency;
			package = BC44BAA7809D4BD76C655D56 /* XCRemoteSwiftPackageReference "Nuke" */;
			productName = NukeUI;
		};
		4B5AED23F7F0320BADB15E55 /* FirebaseRemoteConfig */ = {
			isa = XCSwiftPackageProductDependency;
			package = E7C4A1A9BA745A0313B67997 /* XCRemoteSwiftPackageReference "firebase-ios-sdk" */;
			productName = FirebaseRemoteConfig;
		};
		52EEBFC5650EA0ACAEE1933E /* Factory */ = {
			isa = XCSwiftPackageProductDependency;
			package = F119AC2B4F57DCC743641308 /* XCRemoteSwiftPackageReference "Factory" */;
			productName = Factory;
		};
		532FD11F3D3273FA6232FD55 /* FirebaseCrashlytics */ = {
			isa = XCSwiftPackageProductDependency;
			package = E7C4A1A9BA745A0313B67997 /* XCRemoteSwiftPackageReference "firebase-ios-sdk" */;
			productName = FirebaseCrashlytics;
		};
		5796C24228555A16CCF6A61D /* FirebaseAnalytics */ = {
			isa = XCSwiftPackageProductDependency;
			package = E7C4A1A9BA745A0313B67997 /* XCRemoteSwiftPackageReference "firebase-ios-sdk" */;
			productName = FirebaseAnalytics;
		};
		82D588A709AE3CBA15F476F1 /* Sentry */ = {
			isa = XCSwiftPackageProductDependency;
			package = 4010E74BDED9697B8A53079C /* XCRemoteSwiftPackageReference "sentry-cocoa" */;
			productName = Sentry;
		};
		87D0C63AC8B95476F9595855 /* SnapshotTesting */ = {
			isa = XCSwiftPackageProductDependency;
			package = A13A85DD26B765AA49C3BE86 /* XCRemoteSwiftPackageReference "swift-snapshot-testing" */;
			productName = SnapshotTesting;
		};
		AE4565B462B9953D80DBFAED /* KeychainAccess */ = {
			isa = XCSwiftPackageProductDependency;
			package = 9270E96FB33BF78503182E2E /* XCRemoteSwiftPackageReference "KeychainAccess" */;
			productName = KeychainAccess;
		};
		DAA71C964A252460F4727E25 /* FirebaseMessaging */ = {
			isa = XCSwiftPackageProductDependency;
			package = E7C4A1A9BA745A0313B67997 /* XCRemoteSwiftPackageReference "firebase-ios-sdk" */;
			productName = FirebaseMessaging;
		};
		EBFF3A5B3E71ECA346D268F9 /* ViewInspector */ = {
			isa = XCSwiftPackageProductDependency;
			package = 14FD04FA8D7E8155F46AAC5F /* XCRemoteSwiftPackageReference "ViewInspector" */;
			productName = ViewInspector;
		};
		FDB0E1E9B6E79B4520CFDD1E /* Nuke */ = {
			isa = XCSwiftPackageProductDependency;
			package = BC44BAA7809D4BD76C655D56 /* XCRemoteSwiftPackageReference "Nuke" */;
			productName = Nuke;
		};
/* End XCSwiftPackageProductDependency section */
	};
	rootObject = CD463566EF0DD0FCCEBCBCB6 /* Project object */;
}
